// !$*UTF8*$!
{
	archiveVersion = 1;
	classes = {
	};
	objectVersion = 56;
	objects = {

/* Begin PBXBuildFile section */
		92DED2D02AFB89E3002BF403 /* AppDelegate.swift in Sources */ = {isa = PBXBuildFile; fileRef = 92DED2CF2AFB89E3002BF403 /* AppDelegate.swift */; };
		92DED2D22AFB89E3002BF403 /* SceneDelegate.swift in Sources */ = {isa = PBXBuildFile; fileRef = 92DED2D12AFB89E3002BF403 /* SceneDelegate.swift */; };
		92DED2D42AFB89E3002BF403 /* ViewController.swift in Sources */ = {isa = PBXBuildFile; fileRef = 92DED2D32AFB89E3002BF403 /* ViewController.swift */; };
		92DED2D72AFB89E3002BF403 /* Main.storyboard in Resources */ = {isa = PBXBuildFile; fileRef = 92DED2D52AFB89E3002BF403 /* Main.storyboard */; };
		92DED2D92AFB89E4002BF403 /* Assets.xcassets in Resources */ = {isa = PBXBuildFile; fileRef = 92DED2D82AFB89E4002BF403 /* Assets.xcassets */; };
		92DED2DC2AFB89E4002BF403 /* LaunchScreen.storyboard in Resources */ = {isa = PBXBuildFile; fileRef = 92DED2DA2AFB89E4002BF403 /* LaunchScreen.storyboard */; };
		92DED2E72AFB89E4002BF403 /* GCDassignTests.swift in Sources */ = {isa = PBXBuildFile; fileRef = 92DED2E62AFB89E4002BF403 /* GCDassignTests.swift */; };
		92DED2F12AFB89E4002BF403 /* GCDassignUITests.swift in Sources */ = {isa = PBXBuildFile; fileRef = 92DED2F02AFB89E4002BF403 /* GCDassignUITests.swift */; };
		92DED2F32AFB89E4002BF403 /* GCDassignUITestsLaunchTests.swift in Sources */ = {isa = PBXBuildFile; fileRef = 92DED2F22AFB89E4002BF403 /* GCDassignUITestsLaunchTests.swift */; };
/* End PBXBuildFile section */

/* Begin PBXContainerItemProxy section */
		92DED2E32AFB89E4002BF403 /* PBXContainerItemProxy */ = {
			isa = PBXContainerItemProxy;
			containerPortal = 92DED2C42AFB89E3002BF403 /* Project object */;
			proxyType = 1;
			remoteGlobalIDString = 92DED2CB2AFB89E3002BF403;
			remoteInfo = GCDassign;
		};
		92DED2ED2AFB89E4002BF403 /* PBXContainerItemProxy */ = {
			isa = PBXContainerItemProxy;
			containerPortal = 92DED2C42AFB89E3002BF403 /* Project object */;
			proxyType = 1;
			remoteGlobalIDString = 92DED2CB2AFB89E3002BF403;
			remoteInfo = GCDassign;
		};
/* End PBXContainerItemProxy section */

/* Begin PBXFileReference section */
		92DED2CC2AFB89E3002BF403 /* GCDassign.app */ = {isa = PBXFileReference; explicitFileType = wrapper.application; includeInIndex = 0; path = GCDassign.app; sourceTree = BUILT_PRODUCTS_DIR; };
		92DED2CF2AFB89E3002BF403 /* AppDelegate.swift */ = {isa = PBXFileReference; lastKnownFileType = sourcecode.swift; path = AppDelegate.swift; sourceTree = "<group>"; };
		92DED2D12AFB89E3002BF403 /* SceneDelegate.swift */ = {isa = PBXFileReference; lastKnownFileType = sourcecode.swift; path = SceneDelegate.swift; sourceTree = "<group>"; };
		92DED2D32AFB89E3002BF403 /* ViewController.swift */ = {isa = PBXFileReference; lastKnownFileType = sourcecode.swift; path = ViewController.swift; sourceTree = "<group>"; };
		92DED2D62AFB89E3002BF403 /* Base */ = {isa = PBXFileReference; lastKnownFileType = file.storyboard; name = Base; path = Base.lproj/Main.storyboard; sourceTree = "<group>"; };
		92DED2D82AFB89E4002BF403 /* Assets.xcassets */ = {isa = PBXFileReference; lastKnownFileType = folder.assetcatalog; path = Assets.xcassets; sourceTree = "<group>"; };
		92DED2DB2AFB89E4002BF403 /* Base */ = {isa = PBXFileReference; lastKnownFileType = file.storyboard; name = Base; path = Base.lproj/LaunchScreen.storyboard; sourceTree = "<group>"; };
		92DED2DD2AFB89E4002BF403 /* Info.plist */ = {isa = PBXFileReference; lastKnownFileType = text.plist.xml; path = Info.plist; sourceTree = "<group>"; };
		92DED2E22AFB89E4002BF403 /* GCDassignTests.xctest */ = {isa = PBXFileReference; explicitFileType = wrapper.cfbundle; includeInIndex = 0; path = GCDassignTests.xctest; sourceTree = BUILT_PRODUCTS_DIR; };
		92DED2E62AFB89E4002BF403 /* GCDassignTests.swift */ = {isa = PBXFileReference; lastKnownFileType = sourcecode.swift; path = GCDassignTests.swift; sourceTree = "<group>"; };
		92DED2EC2AFB89E4002BF403 /* GCDassignUITests.xctest */ = {isa = PBXFileReference; explicitFileType = wrapper.cfbundle; includeInIndex = 0; path = GCDassignUITests.xctest; sourceTree = BUILT_PRODUCTS_DIR; };
		92DED2F02AFB89E4002BF403 /* GCDassignUITests.swift */ = {isa = PBXFileReference; lastKnownFileType = sourcecode.swift; path = GCDassignUITests.swift; sourceTree = "<group>"; };
		92DED2F22AFB89E4002BF403 /* GCDassignUITestsLaunchTests.swift */ = {isa = PBXFileReference; lastKnownFileType = sourcecode.swift; path = GCDassignUITestsLaunchTests.swift; sourceTree = "<group>"; };
/* End PBXFileReference section */

/* Begin PBXFrameworksBuildPhase section */
		92DED2C92AFB89E3002BF403 /* Frameworks */ = {
			isa = PBXFrameworksBuildPhase;
			buildActionMask = 2147483647;
			files = (
			);
			runOnlyForDeploymentPostprocessing = 0;
		};
		92DED2DF2AFB89E4002BF403 /* Frameworks */ = {
			isa = PBXFrameworksBuildPhase;
			buildActionMask = 2147483647;
			files = (
			);
			runOnlyForDeploymentPostprocessing = 0;
		};
		92DED2E92AFB89E4002BF403 /* Frameworks */ = {
			isa = PBXFrameworksBuildPhase;
			buildActionMask = 2147483647;
			files = (
			);
			runOnlyForDeploymentPostprocessing = 0;
		};
/* End PBXFrameworksBuildPhase section */

/* Begin PBXGroup section */
		92DED2C32AFB89E3002BF403 = {
			isa = PBXGroup;
			children = (
				92DED2E52AFB89E4002BF403 /* GCDassignTests */,
				92DED2EF2AFB89E4002BF403 /* GCDassignUITests */,
				92DED2CE2AFB89E3002BF403 /* GCDassign */,
				92DED2CD2AFB89E3002BF403 /* Products */,
			);
			sourceTree = "<group>";
		};
		92DED2CD2AFB89E3002BF403 /* Products */ = {
			isa = PBXGroup;
			children = (
				92DED2CC2AFB89E3002BF403 /* GCDassign.app */,
				92DED2E22AFB89E4002BF403 /* GCDassignTests.xctest */,
				92DED2EC2AFB89E4002BF403 /* GCDassignUITests.xctest */,
			);
			name = Products;
			sourceTree = "<group>";
		};
		92DED2CE2AFB89E3002BF403 /* GCDassign */ = {
			isa = PBXGroup;
			children = (
				92DED2CF2AFB89E3002BF403 /* AppDelegate.swift */,
				92DED2D12AFB89E3002BF403 /* SceneDelegate.swift */,
				92DED2D32AFB89E3002BF403 /* ViewController.swift */,
				92DED2D52AFB89E3002BF403 /* Main.storyboard */,
				92DED2D82AFB89E4002BF403 /* Assets.xcassets */,
				92DED2DA2AFB89E4002BF403 /* LaunchScreen.storyboard */,
				92DED2DD2AFB89E4002BF403 /* Info.plist */,
			);
			path = GCDassign;
			sourceTree = "<group>";
		};
		92DED2E52AFB89E4002BF403 /* GCDassignTests */ = {
			isa = PBXGroup;
			children = (
				92DED2E62AFB89E4002BF403 /* GCDassignTests.swift */,
			);
			path = GCDassignTests;
			sourceTree = "<group>";
		};
		92DED2EF2AFB89E4002BF403 /* GCDassignUITests */ = {
			isa = PBXGroup;
			children = (
				92DED2F02AFB89E4002BF403 /* GCDassignUITests.swift */,
				92DED2F22AFB89E4002BF403 /* GCDassignUITestsLaunchTests.swift */,
			);
			path = GCDassignUITests;
			sourceTree = "<group>";
		};
/* End PBXGroup section */

/* Begin PBXNativeTarget section */
		92DED2CB2AFB89E3002BF403 /* GCDassign */ = {
			isa = PBXNativeTarget;
			buildConfigurationList = 92DED2F62AFB89E4002BF403 /* Build configuration list for PBXNativeTarget "GCDassign" */;
			buildPhases = (
				92DED2C82AFB89E3002BF403 /* Sources */,
				92DED2C92AFB89E3002BF403 /* Frameworks */,
				92DED2CA2AFB89E3002BF403 /* Resources */,
			);
			buildRules = (
			);
			dependencies = (
			);
			name = GCDassign;
			productName = GCDassign;
			productReference = 92DED2CC2AFB89E3002BF403 /* GCDassign.app */;
			productType = "com.apple.product-type.application";
		};
		92DED2E12AFB89E4002BF403 /* GCDassignTests */ = {
			isa = PBXNativeTarget;
			buildConfigurationList = 92DED2F92AFB89E4002BF403 /* Build configuration list for PBXNativeTarget "GCDassignTests" */;
			buildPhases = (
				92DED2DE2AFB89E4002BF403 /* Sources */,
				92DED2DF2AFB89E4002BF403 /* Frameworks */,
				92DED2E02AFB89E4002BF403 /* Resources */,
			);
			buildRules = (
			);
			dependencies = (
				92DED2E42AFB89E4002BF403 /* PBXTargetDependency */,
			);
			name = GCDassignTests;
			productName = GCDassignTests;
			productReference = 92DED2E22AFB89E4002BF403 /* GCDassignTests.xctest */;
			productType = "com.apple.product-type.bundle.unit-test";
		};
		92DED2EB2AFB89E4002BF403 /* GCDassignUITests */ = {
			isa = PBXNativeTarget;
			buildConfigurationList = 92DED2FC2AFB89E4002BF403 /* Build configuration list for PBXNativeTarget "GCDassignUITests" */;
			buildPhases = (
				92DED2E82AFB89E4002BF403 /* Sources */,
				92DED2E92AFB89E4002BF403 /* Frameworks */,
				92DED2EA2AFB89E4002BF403 /* Resources */,
			);
			buildRules = (
			);
			dependencies = (
				92DED2EE2AFB89E4002BF403 /* PBXTargetDependency */,
			);
			name = GCDassignUITests;
			productName = GCDassignUITests;
			productReference = 92DED2EC2AFB89E4002BF403 /* GCDassignUITests.xctest */;
			productType = "com.apple.product-type.bundle.ui-testing";
		};
/* End PBXNativeTarget section */

/* Begin PBXProject section */
		92DED2C42AFB89E3002BF403 /* Project object */ = {
			isa = PBXProject;
			attributes = {
				BuildIndependentTargetsInParallel = 1;
				LastSwiftUpdateCheck = 1500;
				LastUpgradeCheck = 1500;
				TargetAttributes = {
					92DED2CB2AFB89E3002BF403 = {
						CreatedOnToolsVersion = 15.0;
					};
					92DED2E12AFB89E4002BF403 = {
						CreatedOnToolsVersion = 15.0;
						TestTargetID = 92DED2CB2AFB89E3002BF403;
					};
					92DED2EB2AFB89E4002BF403 = {
						CreatedOnToolsVersion = 15.0;
						TestTargetID = 92DED2CB2AFB89E3002BF403;
					};
				};
			};
			buildConfigurationList = 92DED2C72AFB89E3002BF403 /* Build configuration list for PBXProject "GCDassign" */;
			compatibilityVersion = "Xcode 14.0";
			developmentRegion = en;
			hasScannedForEncodings = 0;
			knownRegions = (
				en,
				Base,
			);
			mainGroup = 92DED2C32AFB89E3002BF403;
			productRefGroup = 92DED2CD2AFB89E3002BF403 /* Products */;
			projectDirPath = "";
			projectRoot = "";
			targets = (
				92DED2CB2AFB89E3002BF403 /* GCDassign */,
				92DED2E12AFB89E4002BF403 /* GCDassignTests */,
				92DED2EB2AFB89E4002BF403 /* GCDassignUITests */,
			);
		};
/* End PBXProject section */

/* Begin PBXResourcesBuildPhase section */
		92DED2CA2AFB89E3002BF403 /* Resources */ = {
			isa = PBXResourcesBuildPhase;
			buildActionMask = 2147483647;
			files = (
				92DED2DC2AFB89E4002BF403 /* LaunchScreen.storyboard in Resources */,
				92DED2D92AFB89E4002BF403 /* Assets.xcassets in Resources */,
				92DED2D72AFB89E3002BF403 /* Main.storyboard in Resources */,
			);
			runOnlyForDeploymentPostprocessing = 0;
		};
		92DED2E02AFB89E4002BF403 /* Resources */ = {
			isa = PBXResourcesBuildPhase;
			buildActionMask = 2147483647;
			files = (
			);
			runOnlyForDeploymentPostprocessing = 0;
		};
		92DED2EA2AFB89E4002BF403 /* Resources */ = {
			isa = PBXResourcesBuildPhase;
			buildActionMask = 2147483647;
			files = (
			);
			runOnlyForDeploymentPostprocessing = 0;
		};
/* End PBXResourcesBuildPhase section */

/* Begin PBXSourcesBuildPhase section */
		92DED2C82AFB89E3002BF403 /* Sources */ = {
			isa = PBXSourcesBuildPhase;
			buildActionMask = 2147483647;
			files = (
				92DED2D42AFB89E3002BF403 /* ViewController.swift in Sources */,
				92DED2D02AFB89E3002BF403 /* AppDelegate.swift in Sources */,
				92DED2D22AFB89E3002BF403 /* SceneDelegate.swift in Sources */,
			);
			runOnlyForDeploymentPostprocessing = 0;
		};
		92DED2DE2AFB89E4002BF403 /* Sources */ = {
			isa = PBXSourcesBuildPhase;
			buildActionMask = 2147483647;
			files = (
				92DED2E72AFB89E4002BF403 /* GCDassignTests.swift in Sources */,
			);
			runOnlyForDeploymentPostprocessing = 0;
		};
		92DED2E82AFB89E4002BF403 /* Sources */ = {
			isa = PBXSourcesBuildPhase;
			buildActionMask = 2147483647;
			files = (
				92DED2F32AFB89E4002BF403 /* GCDassignUITestsLaunchTests.swift in Sources */,
				92DED2F12AFB89E4002BF403 /* GCDassignUITests.swift in Sources */,
			);
			runOnlyForDeploymentPostprocessing = 0;
		};
/* End PBXSourcesBuildPhase section */

/* Begin PBXTargetDependency section */
		92DED2E42AFB89E4002BF403 /* PBXTargetDependency */ = {
			isa = PBXTargetDependency;
			target = 92DED2CB2AFB89E3002BF403 /* GCDassign */;
			targetProxy = 92DED2E32AFB89E4002BF403 /* PBXContainerItemProxy */;
		};
		92DED2EE2AFB89E4002BF403 /* PBXTargetDependency */ = {
			isa = PBXTargetDependency;
			target = 92DED2CB2AFB89E3002BF403 /* GCDassign */;
			targetProxy = 92DED2ED2AFB89E4002BF403 /* PBXContainerItemProxy */;
		};
/* End PBXTargetDependency section */

/* Begin PBXVariantGroup section */
		92DED2D52AFB89E3002BF403 /* Main.storyboard */ = {
			isa = PBXVariantGroup;
			children = (
				92DED2D62AFB89E3002BF403 /* Base */,
			);
			name = Main.storyboard;
			sourceTree = "<group>";
		};
		92DED2DA2AFB89E4002BF403 /* LaunchScreen.storyboard */ = {
			isa = PBXVariantGroup;
			children = (
				92DED2DB2AFB89E4002BF403 /* Base */,
			);
			name = LaunchScreen.storyboard;
			sourceTree = "<group>";
		};
/* End PBXVariantGroup section */

/* Begin XCBuildConfiguration section */
		92DED2F42AFB89E4002BF403 /* Debug */ = {
			isa = XCBuildConfiguration;
			buildSettings = {
				ALWAYS_SEARCH_USER_PATHS = NO;
				ASSETCATALOG_COMPILER_GENERATE_SWIFT_ASSET_SYMBOL_EXTENSIONS = YES;
				CLANG_ANALYZER_NONNULL = YES;
				CLANG_ANALYZER_NUMBER_OBJECT_CONVERSION = YES_AGGRESSIVE;
				CLANG_CXX_LANGUAGE_STANDARD = "gnu++20";
				CLANG_ENABLE_MODULES = YES;
				CLANG_ENABLE_OBJC_ARC = YES;
				CLANG_ENABLE_OBJC_WEAK = YES;
				CLANG_WARN_BLOCK_CAPTURE_AUTORELEASING = YES;
				CLANG_WARN_BOOL_CONVERSION = YES;
				CLANG_WARN_COMMA = YES;
				CLANG_WARN_CONSTANT_CONVERSION = YES;
				CLANG_WARN_DEPRECATED_OBJC_IMPLEMENTATIONS = YES;
				CLANG_WARN_DIRECT_OBJC_ISA_USAGE = YES_ERROR;
				CLANG_WARN_DOCUMENTATION_COMMENTS = YES;
				CLANG_WARN_EMPTY_BODY = YES;
				CLANG_WARN_ENUM_CONVERSION = YES;
				CLANG_WARN_INFINITE_RECURSION = YES;
				CLANG_WARN_INT_CONVERSION = YES;
				CLANG_WARN_NON_LITERAL_NULL_CONVERSION = YES;
				CLANG_WARN_OBJC_IMPLICIT_RETAIN_SELF = YES;
				CLANG_WARN_OBJC_LITERAL_CONVERSION = YES;
				CLANG_WARN_OBJC_ROOT_CLASS = YES_ERROR;
				CLANG_WARN_QUOTED_INCLUDE_IN_FRAMEWORK_HEADER = YES;
				CLANG_WARN_RANGE_LOOP_ANALYSIS = YES;
				CLANG_WARN_STRICT_PROTOTYPES = YES;
				CLANG_WARN_SUSPICIOUS_MOVE = YES;
				CLANG_WARN_UNGUARDED_AVAILABILITY = YES_AGGRESSIVE;
				CLANG_WARN_UNREACHABLE_CODE = YES;
				CLANG_WARN__DUPLICATE_METHOD_MATCH = YES;
				COPY_PHASE_STRIP = NO;
				DEBUG_INFORMATION_FORMAT = dwarf;
				ENABLE_STRICT_OBJC_MSGSEND = YES;
				ENABLE_TESTABILITY = YES;
				ENABLE_USER_SCRIPT_SANDBOXING = YES;
				GCC_C_LANGUAGE_STANDARD = gnu17;
				GCC_DYNAMIC_NO_PIC = NO;
				GCC_NO_COMMON_BLOCKS = YES;
				GCC_OPTIMIZATION_LEVEL = 0;
				GCC_PREPROCESSOR_DEFINITIONS = (
					"DEBUG=1",
					"$(inherited)",
				);
				GCC_WARN_64_TO_32_BIT_CONVERSION = YES;
				GCC_WARN_ABOUT_RETURN_TYPE = YES_ERROR;
				GCC_WARN_UNDECLARED_SELECTOR = YES;
				GCC_WARN_UNINITIALIZED_AUTOS = YES_AGGRESSIVE;
				GCC_WARN_UNUSED_FUNCTION = YES;
				GCC_WARN_UNUSED_VARIABLE = YES;
				IPHONEOS_DEPLOYMENT_TARGET = 17.0;
				LOCALIZATION_PREFERS_STRING_CATALOGS = YES;
				MTL_ENABLE_DEBUG_INFO = INCLUDE_SOURCE;
				MTL_FAST_MATH = YES;
				ONLY_ACTIVE_ARCH = YES;
				SDKROOT = iphoneos;
				SWIFT_ACTIVE_COMPILATION_CONDITIONS = "DEBUG $(inherited)";
				SWIFT_OPTIMIZATION_LEVEL = "-Onone";
			};
			name = Debug;
		};
		92DED2F52AFB89E4002BF403 /* Release */ = {
			isa = XCBuildConfiguration;
			buildSettings = {
				ALWAYS_SEARCH_USER_PATHS = NO;
				ASSETCATALOG_COMPILER_GENERATE_SWIFT_ASSET_SYMBOL_EXTENSIONS = YES;
				CLANG_ANALYZER_NONNULL = YES;
				CLANG_ANALYZER_NUMBER_OBJECT_CONVERSION = YES_AGGRESSIVE;
				CLANG_CXX_LANGUAGE_STANDARD = "gnu++20";
				CLANG_ENABLE_MODULES = YES;
				CLANG_ENABLE_OBJC_ARC = YES;
				CLANG_ENABLE_OBJC_WEAK = YES;
				CLANG_WARN_BLOCK_CAPTURE_AUTORELEASING = YES;
				CLANG_WARN_BOOL_CONVERSION = YES;
				CLANG_WARN_COMMA = YES;
				CLANG_WARN_CONSTANT_CONVERSION = YES;
				CLANG_WARN_DEPRECATED_OBJC_IMPLEMENTATIONS = YES;
				CLANG_WARN_DIRECT_OBJC_ISA_USAGE = YES_ERROR;
				CLANG_WARN_DOCUMENTATION_COMMENTS = YES;
				CLANG_WARN_EMPTY_BODY = YES;
				CLANG_WARN_ENUM_CONVERSION = YES;
				CLANG_WARN_INFINITE_RECURSION = YES;
				CLANG_WARN_INT_CONVERSION = YES;
				CLANG_WARN_NON_LITERAL_NULL_CONVERSION = YES;
				CLANG_WARN_OBJC_IMPLICIT_RETAIN_SELF = YES;
				CLANG_WARN_OBJC_LITERAL_CONVERSION = YES;
				CLANG_WARN_OBJC_ROOT_CLASS = YES_ERROR;
				CLANG_WARN_QUOTED_INCLUDE_IN_FRAMEWORK_HEADER = YES;
				CLANG_WARN_RANGE_LOOP_ANALYSIS = YES;
				CLANG_WARN_STRICT_PROTOTYPES = YES;
				CLANG_WARN_SUSPICIOUS_MOVE = YES;
				CLANG_WARN_UNGUARDED_AVAILABILITY = YES_AGGRESSIVE;
				CLANG_WARN_UNREACHABLE_CODE = YES;
				CLANG_WARN__DUPLICATE_METHOD_MATCH = YES;
				COPY_PHASE_STRIP = NO;
				DEBUG_INFORMATION_FORMAT = "dwarf-with-dsym";
				ENABLE_NS_ASSERTIONS = NO;
				ENABLE_STRICT_OBJC_MSGSEND = YES;
				ENABLE_USER_SCRIPT_SANDBOXING = YES;
				GCC_C_LANGUAGE_STANDARD = gnu17;
				GCC_NO_COMMON_BLOCKS = YES;
				GCC_WARN_64_TO_32_BIT_CONVERSION = YES;
				GCC_WARN_ABOUT_RETURN_TYPE = YES_ERROR;
				GCC_WARN_UNDECLARED_SELECTOR = YES;
				GCC_WARN_UNINITIALIZED_AUTOS = YES_AGGRESSIVE;
				GCC_WARN_UNUSED_FUNCTION = YES;
				GCC_WARN_UNUSED_VARIABLE = YES;
				IPHONEOS_DEPLOYMENT_TARGET = 17.0;
				LOCALIZATION_PREFERS_STRING_CATALOGS = YES;
				MTL_ENABLE_DEBUG_INFO = NO;
				MTL_FAST_MATH = YES;
				SDKROOT = iphoneos;
				SWIFT_COMPILATION_MODE = wholemodule;
				VALIDATE_PRODUCT = YES;
			};
			name = Release;
		};
		92DED2F72AFB89E4002BF403 /* Debug */ = {
			isa = XCBuildConfiguration;
			buildSettings = {
				ASSETCATALOG_COMPILER_APPICON_NAME = AppIcon;
				ASSETCATALOG_COMPILER_GLOBAL_ACCENT_COLOR_NAME = AccentColor;
				CODE_SIGN_STYLE = Automatic;
				CURRENT_PROJECT_VERSION = 1;
				GENERATE_INFOPLIST_FILE = YES;
				INFOPLIST_FILE = GCDassign/Info.plist;
				INFOPLIST_KEY_UIApplicationSupportsIndirectInputEvents = YES;
				INFOPLIST_KEY_UILaunchStoryboardName = LaunchScreen;
				INFOPLIST_KEY_UIMainStoryboardFile = Main;
				INFOPLIST_KEY_UISupportedInterfaceOrientations_iPad = "UIInterfaceOrientationPortrait UIInterfaceOrientationPortraitUpsideDown UIInterfaceOrientationLandscapeLeft UIInterfaceOrientationLandscapeRight";
				INFOPLIST_KEY_UISupportedInterfaceOrientations_iPhone = "UIInterfaceOrientationPortrait UIInterfaceOrientationLandscapeLeft UIInterfaceOrientationLandscapeRight";
				LD_RUNPATH_SEARCH_PATHS = (
					"$(inherited)",
					"@executable_path/Frameworks",
				);
				MARKETING_VERSION = 1.0;
				PRODUCT_BUNDLE_IDENTIFIER = com.SI.GCDassign;
				PRODUCT_NAME = "$(TARGET_NAME)";
				SWIFT_EMIT_LOC_STRINGS = YES;
				SWIFT_VERSION = 5.0;
				TARGETED_DEVICE_FAMILY = "1,2";
			};
			name = Debug;
		};
		92DED2F82AFB89E4002BF403 /* Release */ = {
			isa = XCBuildConfiguration;
			buildSettings = {
				ASSETCATALOG_COMPILER_APPICON_NAME = AppIcon;
				ASSETCATALOG_COMPILER_GLOBAL_ACCENT_COLOR_NAME = AccentColor;
				CODE_SIGN_STYLE = Automatic;
				CURRENT_PROJECT_VERSION = 1;
				GENERATE_INFOPLIST_FILE = YES;
				INFOPLIST_FILE = GCDassign/Info.plist;
				INFOPLIST_KEY_UIApplicationSupportsIndirectInputEvents = YES;
				INFOPLIST_KEY_UILaunchStoryboardName = LaunchScreen;
				INFOPLIST_KEY_UIMainStoryboardFile = Main;
				INFOPLIST_KEY_UISupportedInterfaceOrientations_iPad = "UIInterfaceOrientationPortrait UIInterfaceOrientationPortraitUpsideDown UIInterfaceOrientationLandscapeLeft UIInterfaceOrientationLandscapeRight";
				INFOPLIST_KEY_UISupportedInterfaceOrientations_iPhone = "UIInterfaceOrientationPortrait UIInterfaceOrientationLandscapeLeft UIInterfaceOrientationLandscapeRight";
				LD_RUNPATH_SEARCH_PATHS = (
					"$(inherited)",
					"@executable_path/Frameworks",
				);
				MARKETING_VERSION = 1.0;
				PRODUCT_BUNDLE_IDENTIFIER = com.SI.GCDassign;
				PRODUCT_NAME = "$(TARGET_NAME)";
				SWIFT_EMIT_LOC_STRINGS = YES;
				SWIFT_VERSION = 5.0;
				TARGETED_DEVICE_FAMILY = "1,2";
			};
			name = Release;
		};
		92DED2FA2AFB89E4002BF403 /* Debug */ = {
			isa = XCBuildConfiguration;
			buildSettings = {
				ALWAYS_EMBED_SWIFT_STANDARD_LIBRARIES = YES;
				BUNDLE_LOADER = "$(TEST_HOST)";
				CODE_SIGN_STYLE = Automatic;
				CURRENT_PROJECT_VERSION = 1;
				GENERATE_INFOPLIST_FILE = YES;
				IPHONEOS_DEPLOYMENT_TARGET = 17.0;
				MARKETING_VERSION = 1.0;
				PRODUCT_BUNDLE_IDENTIFIER = com.SI.GCDassignTests;
				PRODUCT_NAME = "$(TARGET_NAME)";
				SWIFT_EMIT_LOC_STRINGS = NO;
				SWIFT_VERSION = 5.0;
				TARGETED_DEVICE_FAMILY = "1,2";
				TEST_HOST = "$(BUILT_PRODUCTS_DIR)/GCDassign.app/$(BUNDLE_EXECUTABLE_FOLDER_PATH)/GCDassign";
			};
			name = Debug;
		};
		92DED2FB2AFB89E4002BF403 /* Release */ = {
			isa = XCBuildConfiguration;
			buildSettings = {
				ALWAYS_EMBED_SWIFT_STANDARD_LIBRARIES = YES;
				BUNDLE_LOADER = "$(TEST_HOST)";
				CODE_SIGN_STYLE = Automatic;
				CURRENT_PROJECT_VERSION = 1;
				GENERATE_INFOPLIST_FILE = YES;
				IPHONEOS_DEPLOYMENT_TARGET = 17.0;
				MARKETING_VERSION = 1.0;
				PRODUCT_BUNDLE_IDENTIFIER = com.SI.GCDassignTests;
				PRODUCT_NAME = "$(TARGET_NAME)";
				SWIFT_EMIT_LOC_STRINGS = NO;
				SWIFT_VERSION = 5.0;
				TARGETED_DEVICE_FAMILY = "1,2";
				TEST_HOST = "$(BUILT_PRODUCTS_DIR)/GCDassign.app/$(BUNDLE_EXECUTABLE_FOLDER_PATH)/GCDassign";
			};
			name = Release;
		};
		92DED2FD2AFB89E4002BF403 /* Debug */ = {
			isa = XCBuildConfiguration;
			buildSettings = {
				ALWAYS_EMBED_SWIFT_STANDARD_LIBRARIES = YES;
				CODE_SIGN_STYLE = Automatic;
				CURRENT_PROJECT_VERSION = 1;
				GENERATE_INFOPLIST_FILE = YES;
				MARKETING_VERSION = 1.0;
				PRODUCT_BUNDLE_IDENTIFIER = com.SI.GCDassignUITests;
				PRODUCT_NAME = "$(TARGET_NAME)";
				SWIFT_EMIT_LOC_STRINGS = NO;
				SWIFT_VERSION = 5.0;
				TARGETED_DEVICE_FAMILY = "1,2";
				TEST_TARGET_NAME = GCDassign;
			};
			name = Debug;
		};
		92DED2FE2AFB89E4002BF403 /* Release */ = {
			isa = XCBuildConfiguration;
			buildSettings = {
				ALWAYS_EMBED_SWIFT_STANDARD_LIBRARIES = YES;
				CODE_SIGN_STYLE = Automatic;
				CURRENT_PROJECT_VERSION = 1;
				GENERATE_INFOPLIST_FILE = YES;
				MARKETING_VERSION = 1.0;
				PRODUCT_BUNDLE_IDENTIFIER = com.SI.GCDassignUITests;
				PRODUCT_NAME = "$(TARGET_NAME)";
				SWIFT_EMIT_LOC_STRINGS = NO;
				SWIFT_VERSION = 5.0;
				TARGETED_DEVICE_FAMILY = "1,2";
				TEST_TARGET_NAME = GCDassign;
			};
			name = Release;
		};
/* End XCBuildConfiguration section */

/* Begin XCConfigurationList section */
		92DED2C72AFB89E3002BF403 /* Build configuration list for PBXProject "GCDassign" */ = {
			isa = XCConfigurationList;
			buildConfigurations = (
				92DED2F42AFB89E4002BF403 /* Debug */,
				92DED2F52AFB89E4002BF403 /* Release */,
			);
			defaultConfigurationIsVisible = 0;
			defaultConfigurationName = Release;
		};
		92DED2F62AFB89E4002BF403 /* Build configuration list for PBXNativeTarget "GCDassign" */ = {
			isa = XCConfigurationList;
			buildConfigurations = (
				92DED2F72AFB89E4002BF403 /* Debug */,
				92DED2F82AFB89E4002BF403 /* Release */,
			);
			defaultConfigurationIsVisible = 0;
			defaultConfigurationName = Release;
		};
		92DED2F92AFB89E4002BF403 /* Build configuration list for PBXNativeTarget "GCDassignTests" */ = {
			isa = XCConfigurationList;
			buildConfigurations = (
				92DED2FA2AFB89E4002BF403 /* Debug */,
				92DED2FB2AFB89E4002BF403 /* Release */,
			);
			defaultConfigurationIsVisible = 0;
			defaultConfigurationName = Release;
		};
		92DED2FC2AFB89E4002BF403 /* Build configuration list for PBXNativeTarget "GCDassignUITests" */ = {
			isa = XCConfigurationList;
			buildConfigurations = (
				92DED2FD2AFB89E4002BF403 /* Debug */,
				92DED2FE2AFB89E4002BF403 /* Release */,
			);
			defaultConfigurationIsVisible = 0;
			defaultConfigurationName = Release;
		};
/* End XCConfigurationList section */
	};
	rootObject = 92DED2C42AFB89E3002BF403 /* Project object */;
}
