// !$*UTF8*$!
{
	archiveVersion = 1;
	classes = {
	};
	objectVersion = 56;
	objects = {

/* Begin PBXBuildFile section */
		928267F52AF8B5FA001F6A83 /* AppDelegate.swift in Sources */ = {isa = PBXBuildFile; fileRef = 928267F42AF8B5FA001F6A83 /* AppDelegate.swift */; };
		928267F72AF8B5FA001F6A83 /* SceneDelegate.swift in Sources */ = {isa = PBXBuildFile; fileRef = 928267F62AF8B5FA001F6A83 /* SceneDelegate.swift */; };
		928267F92AF8B5FA001F6A83 /* ViewController.swift in Sources */ = {isa = PBXBuildFile; fileRef = 928267F82AF8B5FA001F6A83 /* ViewController.swift */; };
		928267FC2AF8B5FA001F6A83 /* Main.storyboard in Resources */ = {isa = PBXBuildFile; fileRef = 928267FA2AF8B5FA001F6A83 /* Main.storyboard */; };
		928267FE2AF8B5FB001F6A83 /* Assets.xcassets in Resources */ = {isa = PBXBuildFile; fileRef = 928267FD2AF8B5FB001F6A83 /* Assets.xcassets */; };
		928268012AF8B5FB001F6A83 /* LaunchScreen.storyboard in Resources */ = {isa = PBXBuildFile; fileRef = 928267FF2AF8B5FB001F6A83 /* LaunchScreen.storyboard */; };
		9282680C2AF8B5FB001F6A83 /* ChildViewAssignTests.swift in Sources */ = {isa = PBXBuildFile; fileRef = 9282680B2AF8B5FB001F6A83 /* ChildViewAssignTests.swift */; };
		928268162AF8B5FB001F6A83 /* ChildViewAssignUITests.swift in Sources */ = {isa = PBXBuildFile; fileRef = 928268152AF8B5FB001F6A83 /* ChildViewAssignUITests.swift */; };
		928268182AF8B5FB001F6A83 /* ChildViewAssignUITestsLaunchTests.swift in Sources */ = {isa = PBXBuildFile; fileRef = 928268172AF8B5FB001F6A83 /* ChildViewAssignUITestsLaunchTests.swift */; };
		9282682C2AF8D6C0001F6A83 /* FirstChildViewController.swift in Sources */ = {isa = PBXBuildFile; fileRef = 9282682A2AF8D6C0001F6A83 /* FirstChildViewController.swift */; };
		92DED2BC2AFA1773002BF403 /* ChildCollectionViewCell.swift in Sources */ = {isa = PBXBuildFile; fileRef = 92DED2BA2AFA1773002BF403 /* ChildCollectionViewCell.swift */; };
		92DED2BD2AFA1773002BF403 /* ChildCollectionViewCell.xib in Resources */ = {isa = PBXBuildFile; fileRef = 92DED2BB2AFA1773002BF403 /* ChildCollectionViewCell.xib */; };
		92DED2BF2AFA185E002BF403 /* ChildCollectionViewController.swift in Sources */ = {isa = PBXBuildFile; fileRef = 92DED2BE2AFA185E002BF403 /* ChildCollectionViewController.swift */; };
		92DED2C12AFA1919002BF403 /* Model.swift in Sources */ = {isa = PBXBuildFile; fileRef = 92DED2C02AFA1919002BF403 /* Model.swift */; };
/* End PBXBuildFile section */

/* Begin PBXContainerItemProxy section */
		928268082AF8B5FB001F6A83 /* PBXContainerItemProxy */ = {
			isa = PBXContainerItemProxy;
			containerPortal = 928267E92AF8B5FA001F6A83 /* Project object */;
			proxyType = 1;
			remoteGlobalIDString = 928267F02AF8B5FA001F6A83;
			remoteInfo = ChildViewAssign;
		};
		928268122AF8B5FB001F6A83 /* PBXContainerItemProxy */ = {
			isa = PBXContainerItemProxy;
			containerPortal = 928267E92AF8B5FA001F6A83 /* Project object */;
			proxyType = 1;
			remoteGlobalIDString = 928267F02AF8B5FA001F6A83;
			remoteInfo = ChildViewAssign;
		};
/* End PBXContainerItemProxy section */

/* Begin PBXFileReference section */
		928267F12AF8B5FA001F6A83 /* ChildViewAssign.app */ = {isa = PBXFileReference; explicitFileType = wrapper.application; includeInIndex = 0; path = ChildViewAssign.app; sourceTree = BUILT_PRODUCTS_DIR; };
		928267F42AF8B5FA001F6A83 /* AppDelegate.swift */ = {isa = PBXFileReference; lastKnownFileType = sourcecode.swift; path = AppDelegate.swift; sourceTree = "<group>"; };
		928267F62AF8B5FA001F6A83 /* SceneDelegate.swift */ = {isa = PBXFileReference; lastKnownFileType = sourcecode.swift; path = SceneDelegate.swift; sourceTree = "<group>"; };
		928267F82AF8B5FA001F6A83 /* ViewController.swift */ = {isa = PBXFileReference; lastKnownFileType = sourcecode.swift; path = ViewController.swift; sourceTree = "<group>"; };
		928267FB2AF8B5FA001F6A83 /* Base */ = {isa = PBXFileReference; lastKnownFileType = file.storyboard; name = Base; path = Base.lproj/Main.storyboard; sourceTree = "<group>"; };
		928267FD2AF8B5FB001F6A83 /* Assets.xcassets */ = {isa = PBXFileReference; lastKnownFileType = folder.assetcatalog; path = Assets.xcassets; sourceTree = "<group>"; };
		928268002AF8B5FB001F6A83 /* Base */ = {isa = PBXFileReference; lastKnownFileType = file.storyboard; name = Base; path = Base.lproj/LaunchScreen.storyboard; sourceTree = "<group>"; };
		928268022AF8B5FB001F6A83 /* Info.plist */ = {isa = PBXFileReference; lastKnownFileType = text.plist.xml; path = Info.plist; sourceTree = "<group>"; };
		928268072AF8B5FB001F6A83 /* ChildViewAssignTests.xctest */ = {isa = PBXFileReference; explicitFileType = wrapper.cfbundle; includeInIndex = 0; path = ChildViewAssignTests.xctest; sourceTree = BUILT_PRODUCTS_DIR; };
		9282680B2AF8B5FB001F6A83 /* ChildViewAssignTests.swift */ = {isa = PBXFileReference; lastKnownFileType = sourcecode.swift; path = ChildViewAssignTests.swift; sourceTree = "<group>"; };
		928268112AF8B5FB001F6A83 /* ChildViewAssignUITests.xctest */ = {isa = PBXFileReference; explicitFileType = wrapper.cfbundle; includeInIndex = 0; path = ChildViewAssignUITests.xctest; sourceTree = BUILT_PRODUCTS_DIR; };
		928268152AF8B5FB001F6A83 /* ChildViewAssignUITests.swift */ = {isa = PBXFileReference; lastKnownFileType = sourcecode.swift; path = ChildViewAssignUITests.swift; sourceTree = "<group>"; };
		928268172AF8B5FB001F6A83 /* ChildViewAssignUITestsLaunchTests.swift */ = {isa = PBXFileReference; lastKnownFileType = sourcecode.swift; path = ChildViewAssignUITestsLaunchTests.swift; sourceTree = "<group>"; };
		9282682A2AF8D6C0001F6A83 /* FirstChildViewController.swift */ = {isa = PBXFileReference; lastKnownFileType = sourcecode.swift; path = FirstChildViewController.swift; sourceTree = "<group>"; };
		92DED2BA2AFA1773002BF403 /* ChildCollectionViewCell.swift */ = {isa = PBXFileReference; lastKnownFileType = sourcecode.swift; path = ChildCollectionViewCell.swift; sourceTree = "<group>"; };
		92DED2BB2AFA1773002BF403 /* ChildCollectionViewCell.xib */ = {isa = PBXFileReference; lastKnownFileType = file.xib; path = ChildCollectionViewCell.xib; sourceTree = "<group>"; };
		92DED2BE2AFA185E002BF403 /* ChildCollectionViewController.swift */ = {isa = PBXFileReference; lastKnownFileType = sourcecode.swift; path = ChildCollectionViewController.swift; sourceTree = "<group>"; };
		92DED2C02AFA1919002BF403 /* Model.swift */ = {isa = PBXFileReference; lastKnownFileType = sourcecode.swift; path = Model.swift; sourceTree = "<group>"; };
/* End PBXFileReference section */

/* Begin PBXFrameworksBuildPhase section */
		928267EE2AF8B5FA001F6A83 /* Frameworks */ = {
			isa = PBXFrameworksBuildPhase;
			buildActionMask = 2147483647;
			files = (
			);
			runOnlyForDeploymentPostprocessing = 0;
		};
		928268042AF8B5FB001F6A83 /* Frameworks */ = {
			isa = PBXFrameworksBuildPhase;
			buildActionMask = 2147483647;
			files = (
			);
			runOnlyForDeploymentPostprocessing = 0;
		};
		9282680E2AF8B5FB001F6A83 /* Frameworks */ = {
			isa = PBXFrameworksBuildPhase;
			buildActionMask = 2147483647;
			files = (
			);
			runOnlyForDeploymentPostprocessing = 0;
		};
/* End PBXFrameworksBuildPhase section */

/* Begin PBXGroup section */
		928267E82AF8B5FA001F6A83 = {
			isa = PBXGroup;
			children = (
				928268142AF8B5FB001F6A83 /* ChildViewAssignUITests */,
				9282680A2AF8B5FB001F6A83 /* ChildViewAssignTests */,
				928267F32AF8B5FA001F6A83 /* ChildViewAssign */,
				928267F22AF8B5FA001F6A83 /* Products */,
			);
			sourceTree = "<group>";
		};
		928267F22AF8B5FA001F6A83 /* Products */ = {
			isa = PBXGroup;
			children = (
				928267F12AF8B5FA001F6A83 /* ChildViewAssign.app */,
				928268072AF8B5FB001F6A83 /* ChildViewAssignTests.xctest */,
				928268112AF8B5FB001F6A83 /* ChildViewAssignUITests.xctest */,
			);
			name = Products;
			sourceTree = "<group>";
		};
		928267F32AF8B5FA001F6A83 /* ChildViewAssign */ = {
			isa = PBXGroup;
			children = (
				928267F42AF8B5FA001F6A83 /* AppDelegate.swift */,
				928267F62AF8B5FA001F6A83 /* SceneDelegate.swift */,
				928267F82AF8B5FA001F6A83 /* ViewController.swift */,
				92DED2C02AFA1919002BF403 /* Model.swift */,
				92DED2C22AFA4246002BF403 /* collection view */,
				9282682A2AF8D6C0001F6A83 /* FirstChildViewController.swift */,
				928267FA2AF8B5FA001F6A83 /* Main.storyboard */,
				928267FD2AF8B5FB001F6A83 /* Assets.xcassets */,
				928267FF2AF8B5FB001F6A83 /* LaunchScreen.storyboard */,
				928268022AF8B5FB001F6A83 /* Info.plist */,
			);
			path = ChildViewAssign;
			sourceTree = "<group>";
		};
		9282680A2AF8B5FB001F6A83 /* ChildViewAssignTests */ = {
			isa = PBXGroup;
			children = (
				9282680B2AF8B5FB001F6A83 /* ChildViewAssignTests.swift */,
			);
			path = ChildViewAssignTests;
			sourceTree = "<group>";
		};
		928268142AF8B5FB001F6A83 /* ChildViewAssignUITests */ = {
			isa = PBXGroup;
			children = (
				928268152AF8B5FB001F6A83 /* ChildViewAssignUITests.swift */,
				928268172AF8B5FB001F6A83 /* ChildViewAssignUITestsLaunchTests.swift */,
			);
			path = ChildViewAssignUITests;
			sourceTree = "<group>";
		};
		92DED2C22AFA4246002BF403 /* collection view */ = {
			isa = PBXGroup;
			children = (
				92DED2BA2AFA1773002BF403 /* ChildCollectionViewCell.swift */,
				92DED2BE2AFA185E002BF403 /* ChildCollectionViewController.swift */,
				92DED2BB2AFA1773002BF403 /* ChildCollectionViewCell.xib */,
			);
			path = "collection view";
			sourceTree = "<group>";
		};
/* End PBXGroup section */

/* Begin PBXNativeTarget section */
		928267F02AF8B5FA001F6A83 /* ChildViewAssign */ = {
			isa = PBXNativeTarget;
			buildConfigurationList = 9282681B2AF8B5FB001F6A83 /* Build configuration list for PBXNativeTarget "ChildViewAssign" */;
			buildPhases = (
				928267ED2AF8B5FA001F6A83 /* Sources */,
				928267EE2AF8B5FA001F6A83 /* Frameworks */,
				928267EF2AF8B5FA001F6A83 /* Resources */,
			);
			buildRules = (
			);
			dependencies = (
			);
			name = ChildViewAssign;
			productName = ChildViewAssign;
			productReference = 928267F12AF8B5FA001F6A83 /* ChildViewAssign.app */;
			productType = "com.apple.product-type.application";
		};
		928268062AF8B5FB001F6A83 /* ChildViewAssignTests */ = {
			isa = PBXNativeTarget;
			buildConfigurationList = 9282681E2AF8B5FB001F6A83 /* Build configuration list for PBXNativeTarget "ChildViewAssignTests" */;
			buildPhases = (
				928268032AF8B5FB001F6A83 /* Sources */,
				928268042AF8B5FB001F6A83 /* Frameworks */,
				928268052AF8B5FB001F6A83 /* Resources */,
			);
			buildRules = (
			);
			dependencies = (
				928268092AF8B5FB001F6A83 /* PBXTargetDependency */,
			);
			name = ChildViewAssignTests;
			productName = ChildViewAssignTests;
			productReference = 928268072AF8B5FB001F6A83 /* ChildViewAssignTests.xctest */;
			productType = "com.apple.product-type.bundle.unit-test";
		};
		928268102AF8B5FB001F6A83 /* ChildViewAssignUITests */ = {
			isa = PBXNativeTarget;
			buildConfigurationList = 928268212AF8B5FB001F6A83 /* Build configuration list for PBXNativeTarget "ChildViewAssignUITests" */;
			buildPhases = (
				9282680D2AF8B5FB001F6A83 /* Sources */,
				9282680E2AF8B5FB001F6A83 /* Frameworks */,
				9282680F2AF8B5FB001F6A83 /* Resources */,
			);
			buildRules = (
			);
			dependencies = (
				928268132AF8B5FB001F6A83 /* PBXTargetDependency */,
			);
			name = ChildViewAssignUITests;
			productName = ChildViewAssignUITests;
			productReference = 928268112AF8B5FB001F6A83 /* ChildViewAssignUITests.xctest */;
			productType = "com.apple.product-type.bundle.ui-testing";
		};
/* End PBXNativeTarget section */

/* Begin PBXProject section */
		928267E92AF8B5FA001F6A83 /* Project object */ = {
			isa = PBXProject;
			attributes = {
				BuildIndependentTargetsInParallel = 1;
				LastSwiftUpdateCheck = 1500;
				LastUpgradeCheck = 1500;
				TargetAttributes = {
					928267F02AF8B5FA001F6A83 = {
						CreatedOnToolsVersion = 15.0;
					};
					928268062AF8B5FB001F6A83 = {
						CreatedOnToolsVersion = 15.0;
						TestTargetID = 928267F02AF8B5FA001F6A83;
					};
					928268102AF8B5FB001F6A83 = {
						CreatedOnToolsVersion = 15.0;
						TestTargetID = 928267F02AF8B5FA001F6A83;
					};
				};
			};
			buildConfigurationList = 928267EC2AF8B5FA001F6A83 /* Build configuration list for PBXProject "ChildViewAssign" */;
			compatibilityVersion = "Xcode 14.0";
			developmentRegion = en;
			hasScannedForEncodings = 0;
			knownRegions = (
				en,
				Base,
			);
			mainGroup = 928267E82AF8B5FA001F6A83;
			productRefGroup = 928267F22AF8B5FA001F6A83 /* Products */;
			projectDirPath = "";
			projectRoot = "";
			targets = (
				928267F02AF8B5FA001F6A83 /* ChildViewAssign */,
				928268062AF8B5FB001F6A83 /* ChildViewAssignTests */,
				928268102AF8B5FB001F6A83 /* ChildViewAssignUITests */,
			);
		};
/* End PBXProject section */

/* Begin PBXResourcesBuildPhase section */
		928267EF2AF8B5FA001F6A83 /* Resources */ = {
			isa = PBXResourcesBuildPhase;
			buildActionMask = 2147483647;
			files = (
				928268012AF8B5FB001F6A83 /* LaunchScreen.storyboard in Resources */,
				928267FE2AF8B5FB001F6A83 /* Assets.xcassets in Resources */,
				928267FC2AF8B5FA001F6A83 /* Main.storyboard in Resources */,
				92DED2BD2AFA1773002BF403 /* ChildCollectionViewCell.xib in Resources */,
			);
			runOnlyForDeploymentPostprocessing = 0;
		};
		928268052AF8B5FB001F6A83 /* Resources */ = {
			isa = PBXResourcesBuildPhase;
			buildActionMask = 2147483647;
			files = (
			);
			runOnlyForDeploymentPostprocessing = 0;
		};
		9282680F2AF8B5FB001F6A83 /* Resources */ = {
			isa = PBXResourcesBuildPhase;
			buildActionMask = 2147483647;
			files = (
			);
			runOnlyForDeploymentPostprocessing = 0;
		};
/* End PBXResourcesBuildPhase section */

/* Begin PBXSourcesBuildPhase section */
		928267ED2AF8B5FA001F6A83 /* Sources */ = {
			isa = PBXSourcesBuildPhase;
			buildActionMask = 2147483647;
			files = (
				92DED2BF2AFA185E002BF403 /* ChildCollectionViewController.swift in Sources */,
				928267F92AF8B5FA001F6A83 /* ViewController.swift in Sources */,
				928267F52AF8B5FA001F6A83 /* AppDelegate.swift in Sources */,
				928267F72AF8B5FA001F6A83 /* SceneDelegate.swift in Sources */,
				9282682C2AF8D6C0001F6A83 /* FirstChildViewController.swift in Sources */,
				92DED2BC2AFA1773002BF403 /* ChildCollectionViewCell.swift in Sources */,
				92DED2C12AFA1919002BF403 /* Model.swift in Sources */,
			);
			runOnlyForDeploymentPostprocessing = 0;
		};
		928268032AF8B5FB001F6A83 /* Sources */ = {
			isa = PBXSourcesBuildPhase;
			buildActionMask = 2147483647;
			files = (
				9282680C2AF8B5FB001F6A83 /* ChildViewAssignTests.swift in Sources */,
			);
			runOnlyForDeploymentPostprocessing = 0;
		};
		9282680D2AF8B5FB001F6A83 /* Sources */ = {
			isa = PBXSourcesBuildPhase;
			buildActionMask = 2147483647;
			files = (
				928268162AF8B5FB001F6A83 /* ChildViewAssignUITests.swift in Sources */,
				928268182AF8B5FB001F6A83 /* ChildViewAssignUITestsLaunchTests.swift in Sources */,
			);
			runOnlyForDeploymentPostprocessing = 0;
		};
/* End PBXSourcesBuildPhase section */

/* Begin PBXTargetDependency section */
		928268092AF8B5FB001F6A83 /* PBXTargetDependency */ = {
			isa = PBXTargetDependency;
			target = 928267F02AF8B5FA001F6A83 /* ChildViewAssign */;
			targetProxy = 928268082AF8B5FB001F6A83 /* PBXContainerItemProxy */;
		};
		928268132AF8B5FB001F6A83 /* PBXTargetDependency */ = {
			isa = PBXTargetDependency;
			target = 928267F02AF8B5FA001F6A83 /* ChildViewAssign */;
			targetProxy = 928268122AF8B5FB001F6A83 /* PBXContainerItemProxy */;
		};
/* End PBXTargetDependency section */

/* Begin PBXVariantGroup section */
		928267FA2AF8B5FA001F6A83 /* Main.storyboard */ = {
			isa = PBXVariantGroup;
			children = (
				928267FB2AF8B5FA001F6A83 /* Base */,
			);
			name = Main.storyboard;
			sourceTree = "<group>";
		};
		928267FF2AF8B5FB001F6A83 /* LaunchScreen.storyboard */ = {
			isa = PBXVariantGroup;
			children = (
				928268002AF8B5FB001F6A83 /* Base */,
			);
			name = LaunchScreen.storyboard;
			sourceTree = "<group>";
		};
/* End PBXVariantGroup section */

/* Begin XCBuildConfiguration section */
		928268192AF8B5FB001F6A83 /* Debug */ = {
			isa = XCBuildConfiguration;
			buildSettings = {
				ALWAYS_SEARCH_USER_PATHS = NO;
				ASSETCATALOG_COMPILER_GENERATE_SWIFT_ASSET_SYMBOL_EXTENSIONS = YES;
				CLANG_ANALYZER_NONNULL = YES;
				CLANG_ANALYZER_NUMBER_OBJECT_CONVERSION = YES_AGGRESSIVE;
				CLANG_CXX_LANGUAGE_STANDARD = "gnu++20";
				CLANG_ENABLE_MODULES = YES;
				CLANG_ENABLE_OBJC_ARC = YES;
				CLANG_ENABLE_OBJC_WEAK = YES;
				CLANG_WARN_BLOCK_CAPTURE_AUTORELEASING = YES;
				CLANG_WARN_BOOL_CONVERSION = YES;
				CLANG_WARN_COMMA = YES;
				CLANG_WARN_CONSTANT_CONVERSION = YES;
				CLANG_WARN_DEPRECATED_OBJC_IMPLEMENTATIONS = YES;
				CLANG_WARN_DIRECT_OBJC_ISA_USAGE = YES_ERROR;
				CLANG_WARN_DOCUMENTATION_COMMENTS = YES;
				CLANG_WARN_EMPTY_BODY = YES;
				CLANG_WARN_ENUM_CONVERSION = YES;
				CLANG_WARN_INFINITE_RECURSION = YES;
				CLANG_WARN_INT_CONVERSION = YES;
				CLANG_WARN_NON_LITERAL_NULL_CONVERSION = YES;
				CLANG_WARN_OBJC_IMPLICIT_RETAIN_SELF = YES;
				CLANG_WARN_OBJC_LITERAL_CONVERSION = YES;
				CLANG_WARN_OBJC_ROOT_CLASS = YES_ERROR;
				CLANG_WARN_QUOTED_INCLUDE_IN_FRAMEWORK_HEADER = YES;
				CLANG_WARN_RANGE_LOOP_ANALYSIS = YES;
				CLANG_WARN_STRICT_PROTOTYPES = YES;
				CLANG_WARN_SUSPICIOUS_MOVE = YES;
				CLANG_WARN_UNGUARDED_AVAILABILITY = YES_AGGRESSIVE;
				CLANG_WARN_UNREACHABLE_CODE = YES;
				CLANG_WARN__DUPLICATE_METHOD_MATCH = YES;
				COPY_PHASE_STRIP = NO;
				DEBUG_INFORMATION_FORMAT = dwarf;
				ENABLE_STRICT_OBJC_MSGSEND = YES;
				ENABLE_TESTABILITY = YES;
				ENABLE_USER_SCRIPT_SANDBOXING = YES;
				GCC_C_LANGUAGE_STANDARD = gnu17;
				GCC_DYNAMIC_NO_PIC = NO;
				GCC_NO_COMMON_BLOCKS = YES;
				GCC_OPTIMIZATION_LEVEL = 0;
				GCC_PREPROCESSOR_DEFINITIONS = (
					"DEBUG=1",
					"$(inherited)",
				);
				GCC_WARN_64_TO_32_BIT_CONVERSION = YES;
				GCC_WARN_ABOUT_RETURN_TYPE = YES_ERROR;
				GCC_WARN_UNDECLARED_SELECTOR = YES;
				GCC_WARN_UNINITIALIZED_AUTOS = YES_AGGRESSIVE;
				GCC_WARN_UNUSED_FUNCTION = YES;
				GCC_WARN_UNUSED_VARIABLE = YES;
				IPHONEOS_DEPLOYMENT_TARGET = 17.0;
				LOCALIZATION_PREFERS_STRING_CATALOGS = YES;
				MTL_ENABLE_DEBUG_INFO = INCLUDE_SOURCE;
				MTL_FAST_MATH = YES;
				ONLY_ACTIVE_ARCH = YES;
				SDKROOT = iphoneos;
				SWIFT_ACTIVE_COMPILATION_CONDITIONS = "DEBUG $(inherited)";
				SWIFT_OPTIMIZATION_LEVEL = "-Onone";
			};
			name = Debug;
		};
		9282681A2AF8B5FB001F6A83 /* Release */ = {
			isa = XCBuildConfiguration;
			buildSettings = {
				ALWAYS_SEARCH_USER_PATHS = NO;
				ASSETCATALOG_COMPILER_GENERATE_SWIFT_ASSET_SYMBOL_EXTENSIONS = YES;
				CLANG_ANALYZER_NONNULL = YES;
				CLANG_ANALYZER_NUMBER_OBJECT_CONVERSION = YES_AGGRESSIVE;
				CLANG_CXX_LANGUAGE_STANDARD = "gnu++20";
				CLANG_ENABLE_MODULES = YES;
				CLANG_ENABLE_OBJC_ARC = YES;
				CLANG_ENABLE_OBJC_WEAK = YES;
				CLANG_WARN_BLOCK_CAPTURE_AUTORELEASING = YES;
				CLANG_WARN_BOOL_CONVERSION = YES;
				CLANG_WARN_COMMA = YES;
				CLANG_WARN_CONSTANT_CONVERSION = YES;
				CLANG_WARN_DEPRECATED_OBJC_IMPLEMENTATIONS = YES;
				CLANG_WARN_DIRECT_OBJC_ISA_USAGE = YES_ERROR;
				CLANG_WARN_DOCUMENTATION_COMMENTS = YES;
				CLANG_WARN_EMPTY_BODY = YES;
				CLANG_WARN_ENUM_CONVERSION = YES;
				CLANG_WARN_INFINITE_RECURSION = YES;
				CLANG_WARN_INT_CONVERSION = YES;
				CLANG_WARN_NON_LITERAL_NULL_CONVERSION = YES;
				CLANG_WARN_OBJC_IMPLICIT_RETAIN_SELF = YES;
				CLANG_WARN_OBJC_LITERAL_CONVERSION = YES;
				CLANG_WARN_OBJC_ROOT_CLASS = YES_ERROR;
				CLANG_WARN_QUOTED_INCLUDE_IN_FRAMEWORK_HEADER = YES;
				CLANG_WARN_RANGE_LOOP_ANALYSIS = YES;
				CLANG_WARN_STRICT_PROTOTYPES = YES;
				CLANG_WARN_SUSPICIOUS_MOVE = YES;
				CLANG_WARN_UNGUARDED_AVAILABILITY = YES_AGGRESSIVE;
				CLANG_WARN_UNREACHABLE_CODE = YES;
				CLANG_WARN__DUPLICATE_METHOD_MATCH = YES;
				COPY_PHASE_STRIP = NO;
				DEBUG_INFORMATION_FORMAT = "dwarf-with-dsym";
				ENABLE_NS_ASSERTIONS = NO;
				ENABLE_STRICT_OBJC_MSGSEND = YES;
				ENABLE_USER_SCRIPT_SANDBOXING = YES;
				GCC_C_LANGUAGE_STANDARD = gnu17;
				GCC_NO_COMMON_BLOCKS = YES;
				GCC_WARN_64_TO_32_BIT_CONVERSION = YES;
				GCC_WARN_ABOUT_RETURN_TYPE = YES_ERROR;
				GCC_WARN_UNDECLARED_SELECTOR = YES;
				GCC_WARN_UNINITIALIZED_AUTOS = YES_AGGRESSIVE;
				GCC_WARN_UNUSED_FUNCTION = YES;
				GCC_WARN_UNUSED_VARIABLE = YES;
				IPHONEOS_DEPLOYMENT_TARGET = 17.0;
				LOCALIZATION_PREFERS_STRING_CATALOGS = YES;
				MTL_ENABLE_DEBUG_INFO = NO;
				MTL_FAST_MATH = YES;
				SDKROOT = iphoneos;
				SWIFT_COMPILATION_MODE = wholemodule;
				VALIDATE_PRODUCT = YES;
			};
			name = Release;
		};
		9282681C2AF8B5FB001F6A83 /* Debug */ = {
			isa = XCBuildConfiguration;
			buildSettings = {
				ASSETCATALOG_COMPILER_APPICON_NAME = AppIcon;
				ASSETCATALOG_COMPILER_GLOBAL_ACCENT_COLOR_NAME = AccentColor;
				CODE_SIGN_STYLE = Automatic;
				CURRENT_PROJECT_VERSION = 1;
				GENERATE_INFOPLIST_FILE = YES;
				INFOPLIST_FILE = ChildViewAssign/Info.plist;
				INFOPLIST_KEY_UIApplicationSupportsIndirectInputEvents = YES;
				INFOPLIST_KEY_UILaunchStoryboardName = LaunchScreen;
				INFOPLIST_KEY_UIMainStoryboardFile = Main;
				INFOPLIST_KEY_UISupportedInterfaceOrientations_iPad = "UIInterfaceOrientationPortrait UIInterfaceOrientationPortraitUpsideDown UIInterfaceOrientationLandscapeLeft UIInterfaceOrientationLandscapeRight";
				INFOPLIST_KEY_UISupportedInterfaceOrientations_iPhone = "UIInterfaceOrientationPortrait UIInterfaceOrientationLandscapeLeft UIInterfaceOrientationLandscapeRight";
				LD_RUNPATH_SEARCH_PATHS = (
					"$(inherited)",
					"@executable_path/Frameworks",
				);
				MARKETING_VERSION = 1.0;
				PRODUCT_BUNDLE_IDENTIFIER = com.SI.ChildViewAssign;
				PRODUCT_NAME = "$(TARGET_NAME)";
				SWIFT_EMIT_LOC_STRINGS = YES;
				SWIFT_VERSION = 5.0;
				TARGETED_DEVICE_FAMILY = "1,2";
			};
			name = Debug;
		};
		9282681D2AF8B5FB001F6A83 /* Release */ = {
			isa = XCBuildConfiguration;
			buildSettings = {
				ASSETCATALOG_COMPILER_APPICON_NAME = AppIcon;
				ASSETCATALOG_COMPILER_GLOBAL_ACCENT_COLOR_NAME = AccentColor;
				CODE_SIGN_STYLE = Automatic;
				CURRENT_PROJECT_VERSION = 1;
				GENERATE_INFOPLIST_FILE = YES;
				INFOPLIST_FILE = ChildViewAssign/Info.plist;
				INFOPLIST_KEY_UIApplicationSupportsIndirectInputEvents = YES;
				INFOPLIST_KEY_UILaunchStoryboardName = LaunchScreen;
				INFOPLIST_KEY_UIMainStoryboardFile = Main;
				INFOPLIST_KEY_UISupportedInterfaceOrientations_iPad = "UIInterfaceOrientationPortrait UIInterfaceOrientationPortraitUpsideDown UIInterfaceOrientationLandscapeLeft UIInterfaceOrientationLandscapeRight";
				INFOPLIST_KEY_UISupportedInterfaceOrientations_iPhone = "UIInterfaceOrientationPortrait UIInterfaceOrientationLandscapeLeft UIInterfaceOrientationLandscapeRight";
				LD_RUNPATH_SEARCH_PATHS = (
					"$(inherited)",
					"@executable_path/Frameworks",
				);
				MARKETING_VERSION = 1.0;
				PRODUCT_BUNDLE_IDENTIFIER = com.SI.ChildViewAssign;
				PRODUCT_NAME = "$(TARGET_NAME)";
				SWIFT_EMIT_LOC_STRINGS = YES;
				SWIFT_VERSION = 5.0;
				TARGETED_DEVICE_FAMILY = "1,2";
			};
			name = Release;
		};
		9282681F2AF8B5FB001F6A83 /* Debug */ = {
			isa = XCBuildConfiguration;
			buildSettings = {
				ALWAYS_EMBED_SWIFT_STANDARD_LIBRARIES = YES;
				BUNDLE_LOADER = "$(TEST_HOST)";
				CODE_SIGN_STYLE = Automatic;
				CURRENT_PROJECT_VERSION = 1;
				GENERATE_INFOPLIST_FILE = YES;
				IPHONEOS_DEPLOYMENT_TARGET = 17.0;
				MARKETING_VERSION = 1.0;
				PRODUCT_BUNDLE_IDENTIFIER = com.SI.ChildViewAssignTests;
				PRODUCT_NAME = "$(TARGET_NAME)";
				SWIFT_EMIT_LOC_STRINGS = NO;
				SWIFT_VERSION = 5.0;
				TARGETED_DEVICE_FAMILY = "1,2";
				TEST_HOST = "$(BUILT_PRODUCTS_DIR)/ChildViewAssign.app/$(BUNDLE_EXECUTABLE_FOLDER_PATH)/ChildViewAssign";
			};
			name = Debug;
		};
		928268202AF8B5FB001F6A83 /* Release */ = {
			isa = XCBuildConfiguration;
			buildSettings = {
				ALWAYS_EMBED_SWIFT_STANDARD_LIBRARIES = YES;
				BUNDLE_LOADER = "$(TEST_HOST)";
				CODE_SIGN_STYLE = Automatic;
				CURRENT_PROJECT_VERSION = 1;
				GENERATE_INFOPLIST_FILE = YES;
				IPHONEOS_DEPLOYMENT_TARGET = 17.0;
				MARKETING_VERSION = 1.0;
				PRODUCT_BUNDLE_IDENTIFIER = com.SI.ChildViewAssignTests;
				PRODUCT_NAME = "$(TARGET_NAME)";
				SWIFT_EMIT_LOC_STRINGS = NO;
				SWIFT_VERSION = 5.0;
				TARGETED_DEVICE_FAMILY = "1,2";
				TEST_HOST = "$(BUILT_PRODUCTS_DIR)/ChildViewAssign.app/$(BUNDLE_EXECUTABLE_FOLDER_PATH)/ChildViewAssign";
			};
			name = Release;
		};
		928268222AF8B5FB001F6A83 /* Debug */ = {
			isa = XCBuildConfiguration;
			buildSettings = {
				ALWAYS_EMBED_SWIFT_STANDARD_LIBRARIES = YES;
				CODE_SIGN_STYLE = Automatic;
				CURRENT_PROJECT_VERSION = 1;
				GENERATE_INFOPLIST_FILE = YES;
				MARKETING_VERSION = 1.0;
				PRODUCT_BUNDLE_IDENTIFIER = com.SI.ChildViewAssignUITests;
				PRODUCT_NAME = "$(TARGET_NAME)";
				SWIFT_EMIT_LOC_STRINGS = NO;
				SWIFT_VERSION = 5.0;
				TARGETED_DEVICE_FAMILY = "1,2";
				TEST_TARGET_NAME = ChildViewAssign;
			};
			name = Debug;
		};
		928268232AF8B5FB001F6A83 /* Release */ = {
			isa = XCBuildConfiguration;
			buildSettings = {
				ALWAYS_EMBED_SWIFT_STANDARD_LIBRARIES = YES;
				CODE_SIGN_STYLE = Automatic;
				CURRENT_PROJECT_VERSION = 1;
				GENERATE_INFOPLIST_FILE = YES;
				MARKETING_VERSION = 1.0;
				PRODUCT_BUNDLE_IDENTIFIER = com.SI.ChildViewAssignUITests;
				PRODUCT_NAME = "$(TARGET_NAME)";
				SWIFT_EMIT_LOC_STRINGS = NO;
				SWIFT_VERSION = 5.0;
				TARGETED_DEVICE_FAMILY = "1,2";
				TEST_TARGET_NAME = ChildViewAssign;
			};
			name = Release;
		};
/* End XCBuildConfiguration section */

/* Begin XCConfigurationList section */
		928267EC2AF8B5FA001F6A83 /* Build configuration list for PBXProject "ChildViewAssign" */ = {
			isa = XCConfigurationList;
			buildConfigurations = (
				928268192AF8B5FB001F6A83 /* Debug */,
				9282681A2AF8B5FB001F6A83 /* Release */,
			);
			defaultConfigurationIsVisible = 0;
			defaultConfigurationName = Release;
		};
		9282681B2AF8B5FB001F6A83 /* Build configuration list for PBXNativeTarget "ChildViewAssign" */ = {
			isa = XCConfigurationList;
			buildConfigurations = (
				9282681C2AF8B5FB001F6A83 /* Debug */,
				9282681D2AF8B5FB001F6A83 /* Release */,
			);
			defaultConfigurationIsVisible = 0;
			defaultConfigurationName = Release;
		};
		9282681E2AF8B5FB001F6A83 /* Build configuration list for PBXNativeTarget "ChildViewAssignTests" */ = {
			isa = XCConfigurationList;
			buildConfigurations = (
				9282681F2AF8B5FB001F6A83 /* Debug */,
				928268202AF8B5FB001F6A83 /* Release */,
			);
			defaultConfigurationIsVisible = 0;
			defaultConfigurationName = Release;
		};
		928268212AF8B5FB001F6A83 /* Build configuration list for PBXNativeTarget "ChildViewAssignUITests" */ = {
			isa = XCConfigurationList;
			buildConfigurations = (
				928268222AF8B5FB001F6A83 /* Debug */,
				928268232AF8B5FB001F6A83 /* Release */,
			);
			defaultConfigurationIsVisible = 0;
			defaultConfigurationName = Release;
		};
/* End XCConfigurationList section */
	};
	rootObject = 928267E92AF8B5FA001F6A83 /* Project object */;
}
