// !$*UTF8*$!
{
	archiveVersion = 1;
	classes = {
	};
	objectVersion = 56;
	objects = {

/* Begin PBXBuildFile section */
		92EE86652AD6A66D00F7E013 /* AppDelegate.swift in Sources */ = {isa = PBXBuildFile; fileRef = 92EE86642AD6A66D00F7E013 /* AppDelegate.swift */; };
		92EE86672AD6A66D00F7E013 /* SceneDelegate.swift in Sources */ = {isa = PBXBuildFile; fileRef = 92EE86662AD6A66D00F7E013 /* SceneDelegate.swift */; };
		92EE86692AD6A66D00F7E013 /* ViewController.swift in Sources */ = {isa = PBXBuildFile; fileRef = 92EE86682AD6A66D00F7E013 /* ViewController.swift */; };
		92EE866C2AD6A66D00F7E013 /* Main.storyboard in Resources */ = {isa = PBXBuildFile; fileRef = 92EE866A2AD6A66D00F7E013 /* Main.storyboard */; };
		92EE866E2AD6A66E00F7E013 /* Assets.xcassets in Resources */ = {isa = PBXBuildFile; fileRef = 92EE866D2AD6A66E00F7E013 /* Assets.xcassets */; };
		92EE86712AD6A66E00F7E013 /* LaunchScreen.storyboard in Resources */ = {isa = PBXBuildFile; fileRef = 92EE866F2AD6A66E00F7E013 /* LaunchScreen.storyboard */; };
		92EE867C2AD6A66E00F7E013 /* AssignmentTests.swift in Sources */ = {isa = PBXBuildFile; fileRef = 92EE867B2AD6A66E00F7E013 /* AssignmentTests.swift */; };
		92EE86862AD6A66E00F7E013 /* AssignmentUITests.swift in Sources */ = {isa = PBXBuildFile; fileRef = 92EE86852AD6A66E00F7E013 /* AssignmentUITests.swift */; };
		92EE86882AD6A66E00F7E013 /* AssignmentUITestsLaunchTests.swift in Sources */ = {isa = PBXBuildFile; fileRef = 92EE86872AD6A66E00F7E013 /* AssignmentUITestsLaunchTests.swift */; };
		92EE86982AD6A81500F7E013 /* TableViewCell.swift in Sources */ = {isa = PBXBuildFile; fileRef = 92EE86962AD6A81500F7E013 /* TableViewCell.swift */; };
		92EE86992AD6A81500F7E013 /* TableViewCell.xib in Resources */ = {isa = PBXBuildFile; fileRef = 92EE86972AD6A81500F7E013 /* TableViewCell.xib */; };
/* End PBXBuildFile section */

/* Begin PBXContainerItemProxy section */
		92EE86782AD6A66E00F7E013 /* PBXContainerItemProxy */ = {
			isa = PBXContainerItemProxy;
			containerPortal = 92EE86592AD6A66D00F7E013 /* Project object */;
			proxyType = 1;
			remoteGlobalIDString = 92EE86602AD6A66D00F7E013;
			remoteInfo = Assignment;
		};
		92EE86822AD6A66E00F7E013 /* PBXContainerItemProxy */ = {
			isa = PBXContainerItemProxy;
			containerPortal = 92EE86592AD6A66D00F7E013 /* Project object */;
			proxyType = 1;
			remoteGlobalIDString = 92EE86602AD6A66D00F7E013;
			remoteInfo = Assignment;
		};
/* End PBXContainerItemProxy section */

/* Begin PBXFileReference section */
		92EE86612AD6A66D00F7E013 /* Assignment.app */ = {isa = PBXFileReference; explicitFileType = wrapper.application; includeInIndex = 0; path = Assignment.app; sourceTree = BUILT_PRODUCTS_DIR; };
		92EE86642AD6A66D00F7E013 /* AppDelegate.swift */ = {isa = PBXFileReference; lastKnownFileType = sourcecode.swift; path = AppDelegate.swift; sourceTree = "<group>"; };
		92EE86662AD6A66D00F7E013 /* SceneDelegate.swift */ = {isa = PBXFileReference; lastKnownFileType = sourcecode.swift; path = SceneDelegate.swift; sourceTree = "<group>"; };
		92EE86682AD6A66D00F7E013 /* ViewController.swift */ = {isa = PBXFileReference; lastKnownFileType = sourcecode.swift; path = ViewController.swift; sourceTree = "<group>"; };
		92EE866B2AD6A66D00F7E013 /* Base */ = {isa = PBXFileReference; lastKnownFileType = file.storyboard; name = Base; path = Base.lproj/Main.storyboard; sourceTree = "<group>"; };
		92EE866D2AD6A66E00F7E013 /* Assets.xcassets */ = {isa = PBXFileReference; lastKnownFileType = folder.assetcatalog; path = Assets.xcassets; sourceTree = "<group>"; };
		92EE86702AD6A66E00F7E013 /* Base */ = {isa = PBXFileReference; lastKnownFileType = file.storyboard; name = Base; path = Base.lproj/LaunchScreen.storyboard; sourceTree = "<group>"; };
		92EE86722AD6A66E00F7E013 /* Info.plist */ = {isa = PBXFileReference; lastKnownFileType = text.plist.xml; path = Info.plist; sourceTree = "<group>"; };
		92EE86772AD6A66E00F7E013 /* AssignmentTests.xctest */ = {isa = PBXFileReference; explicitFileType = wrapper.cfbundle; includeInIndex = 0; path = AssignmentTests.xctest; sourceTree = BUILT_PRODUCTS_DIR; };
		92EE867B2AD6A66E00F7E013 /* AssignmentTests.swift */ = {isa = PBXFileReference; lastKnownFileType = sourcecode.swift; path = AssignmentTests.swift; sourceTree = "<group>"; };
		92EE86812AD6A66E00F7E013 /* AssignmentUITests.xctest */ = {isa = PBXFileReference; explicitFileType = wrapper.cfbundle; includeInIndex = 0; path = AssignmentUITests.xctest; sourceTree = BUILT_PRODUCTS_DIR; };
		92EE86852AD6A66E00F7E013 /* AssignmentUITests.swift */ = {isa = PBXFileReference; lastKnownFileType = sourcecode.swift; path = AssignmentUITests.swift; sourceTree = "<group>"; };
		92EE86872AD6A66E00F7E013 /* AssignmentUITestsLaunchTests.swift */ = {isa = PBXFileReference; lastKnownFileType = sourcecode.swift; path = AssignmentUITestsLaunchTests.swift; sourceTree = "<group>"; };
		92EE86962AD6A81500F7E013 /* TableViewCell.swift */ = {isa = PBXFileReference; lastKnownFileType = sourcecode.swift; path = TableViewCell.swift; sourceTree = "<group>"; };
		92EE86972AD6A81500F7E013 /* TableViewCell.xib */ = {isa = PBXFileReference; lastKnownFileType = file.xib; path = TableViewCell.xib; sourceTree = "<group>"; };
/* End PBXFileReference section */

/* Begin PBXFrameworksBuildPhase section */
		92EE865E2AD6A66D00F7E013 /* Frameworks */ = {
			isa = PBXFrameworksBuildPhase;
			buildActionMask = 2147483647;
			files = (
			);
			runOnlyForDeploymentPostprocessing = 0;
		};
		92EE86742AD6A66E00F7E013 /* Frameworks */ = {
			isa = PBXFrameworksBuildPhase;
			buildActionMask = 2147483647;
			files = (
			);
			runOnlyForDeploymentPostprocessing = 0;
		};
		92EE867E2AD6A66E00F7E013 /* Frameworks */ = {
			isa = PBXFrameworksBuildPhase;
			buildActionMask = 2147483647;
			files = (
			);
			runOnlyForDeploymentPostprocessing = 0;
		};
/* End PBXFrameworksBuildPhase section */

/* Begin PBXGroup section */
		92EE86582AD6A66D00F7E013 = {
			isa = PBXGroup;
			children = (
				92EE86632AD6A66D00F7E013 /* Assignment */,
				92EE867A2AD6A66E00F7E013 /* AssignmentTests */,
				92EE86842AD6A66E00F7E013 /* AssignmentUITests */,
				92EE86622AD6A66D00F7E013 /* Products */,
			);
			sourceTree = "<group>";
		};
		92EE86622AD6A66D00F7E013 /* Products */ = {
			isa = PBXGroup;
			children = (
				92EE86612AD6A66D00F7E013 /* Assignment.app */,
				92EE86772AD6A66E00F7E013 /* AssignmentTests.xctest */,
				92EE86812AD6A66E00F7E013 /* AssignmentUITests.xctest */,
			);
			name = Products;
			sourceTree = "<group>";
		};
		92EE86632AD6A66D00F7E013 /* Assignment */ = {
			isa = PBXGroup;
			children = (
				92EE86642AD6A66D00F7E013 /* AppDelegate.swift */,
				92EE86662AD6A66D00F7E013 /* SceneDelegate.swift */,
				92EE86682AD6A66D00F7E013 /* ViewController.swift */,
				92EE86962AD6A81500F7E013 /* TableViewCell.swift */,
				92EE86972AD6A81500F7E013 /* TableViewCell.xib */,
				92EE866A2AD6A66D00F7E013 /* Main.storyboard */,
				92EE866D2AD6A66E00F7E013 /* Assets.xcassets */,
				92EE866F2AD6A66E00F7E013 /* LaunchScreen.storyboard */,
				92EE86722AD6A66E00F7E013 /* Info.plist */,
			);
			path = Assignment;
			sourceTree = "<group>";
		};
		92EE867A2AD6A66E00F7E013 /* AssignmentTests */ = {
			isa = PBXGroup;
			children = (
				92EE867B2AD6A66E00F7E013 /* AssignmentTests.swift */,
			);
			path = AssignmentTests;
			sourceTree = "<group>";
		};
		92EE86842AD6A66E00F7E013 /* AssignmentUITests */ = {
			isa = PBXGroup;
			children = (
				92EE86852AD6A66E00F7E013 /* AssignmentUITests.swift */,
				92EE86872AD6A66E00F7E013 /* AssignmentUITestsLaunchTests.swift */,
			);
			path = AssignmentUITests;
			sourceTree = "<group>";
		};
/* End PBXGroup section */

/* Begin PBXNativeTarget section */
		92EE86602AD6A66D00F7E013 /* Assignment */ = {
			isa = PBXNativeTarget;
			buildConfigurationList = 92EE868B2AD6A66E00F7E013 /* Build configuration list for PBXNativeTarget "Assignment" */;
			buildPhases = (
				92EE865D2AD6A66D00F7E013 /* Sources */,
				92EE865E2AD6A66D00F7E013 /* Frameworks */,
				92EE865F2AD6A66D00F7E013 /* Resources */,
			);
			buildRules = (
			);
			dependencies = (
			);
			name = Assignment;
			productName = Assignment;
			productReference = 92EE86612AD6A66D00F7E013 /* Assignment.app */;
			productType = "com.apple.product-type.application";
		};
		92EE86762AD6A66E00F7E013 /* AssignmentTests */ = {
			isa = PBXNativeTarget;
			buildConfigurationList = 92EE868E2AD6A66E00F7E013 /* Build configuration list for PBXNativeTarget "AssignmentTests" */;
			buildPhases = (
				92EE86732AD6A66E00F7E013 /* Sources */,
				92EE86742AD6A66E00F7E013 /* Frameworks */,
				92EE86752AD6A66E00F7E013 /* Resources */,
			);
			buildRules = (
			);
			dependencies = (
				92EE86792AD6A66E00F7E013 /* PBXTargetDependency */,
			);
			name = AssignmentTests;
			productName = AssignmentTests;
			productReference = 92EE86772AD6A66E00F7E013 /* AssignmentTests.xctest */;
			productType = "com.apple.product-type.bundle.unit-test";
		};
		92EE86802AD6A66E00F7E013 /* AssignmentUITests */ = {
			isa = PBXNativeTarget;
			buildConfigurationList = 92EE86912AD6A66E00F7E013 /* Build configuration list for PBXNativeTarget "AssignmentUITests" */;
			buildPhases = (
				92EE867D2AD6A66E00F7E013 /* Sources */,
				92EE867E2AD6A66E00F7E013 /* Frameworks */,
				92EE867F2AD6A66E00F7E013 /* Resources */,
			);
			buildRules = (
			);
			dependencies = (
				92EE86832AD6A66E00F7E013 /* PBXTargetDependency */,
			);
			name = AssignmentUITests;
			productName = AssignmentUITests;
			productReference = 92EE86812AD6A66E00F7E013 /* AssignmentUITests.xctest */;
			productType = "com.apple.product-type.bundle.ui-testing";
		};
/* End PBXNativeTarget section */

/* Begin PBXProject section */
		92EE86592AD6A66D00F7E013 /* Project object */ = {
			isa = PBXProject;
			attributes = {
				BuildIndependentTargetsInParallel = 1;
				LastSwiftUpdateCheck = 1500;
				LastUpgradeCheck = 1500;
				TargetAttributes = {
					92EE86602AD6A66D00F7E013 = {
						CreatedOnToolsVersion = 15.0;
					};
					92EE86762AD6A66E00F7E013 = {
						CreatedOnToolsVersion = 15.0;
						TestTargetID = 92EE86602AD6A66D00F7E013;
					};
					92EE86802AD6A66E00F7E013 = {
						CreatedOnToolsVersion = 15.0;
						TestTargetID = 92EE86602AD6A66D00F7E013;
					};
				};
			};
			buildConfigurationList = 92EE865C2AD6A66D00F7E013 /* Build configuration list for PBXProject "Assignment" */;
			compatibilityVersion = "Xcode 14.0";
			developmentRegion = en;
			hasScannedForEncodings = 0;
			knownRegions = (
				en,
				Base,
			);
			mainGroup = 92EE86582AD6A66D00F7E013;
			productRefGroup = 92EE86622AD6A66D00F7E013 /* Products */;
			projectDirPath = "";
			projectRoot = "";
			targets = (
				92EE86602AD6A66D00F7E013 /* Assignment */,
				92EE86762AD6A66E00F7E013 /* AssignmentTests */,
				92EE86802AD6A66E00F7E013 /* AssignmentUITests */,
			);
		};
/* End PBXProject section */

/* Begin PBXResourcesBuildPhase section */
		92EE865F2AD6A66D00F7E013 /* Resources */ = {
			isa = PBXResourcesBuildPhase;
			buildActionMask = 2147483647;
			files = (
				92EE86712AD6A66E00F7E013 /* LaunchScreen.storyboard in Resources */,
				92EE86992AD6A81500F7E013 /* TableViewCell.xib in Resources */,
				92EE866E2AD6A66E00F7E013 /* Assets.xcassets in Resources */,
				92EE866C2AD6A66D00F7E013 /* Main.storyboard in Resources */,
			);
			runOnlyForDeploymentPostprocessing = 0;
		};
		92EE86752AD6A66E00F7E013 /* Resources */ = {
			isa = PBXResourcesBuildPhase;
			buildActionMask = 2147483647;
			files = (
			);
			runOnlyForDeploymentPostprocessing = 0;
		};
		92EE867F2AD6A66E00F7E013 /* Resources */ = {
			isa = PBXResourcesBuildPhase;
			buildActionMask = 2147483647;
			files = (
			);
			runOnlyForDeploymentPostprocessing = 0;
		};
/* End PBXResourcesBuildPhase section */

/* Begin PBXSourcesBuildPhase section */
		92EE865D2AD6A66D00F7E013 /* Sources */ = {
			isa = PBXSourcesBuildPhase;
			buildActionMask = 2147483647;
			files = (
				92EE86982AD6A81500F7E013 /* TableViewCell.swift in Sources */,
				92EE86692AD6A66D00F7E013 /* ViewController.swift in Sources */,
				92EE86652AD6A66D00F7E013 /* AppDelegate.swift in Sources */,
				92EE86672AD6A66D00F7E013 /* SceneDelegate.swift in Sources */,
			);
			runOnlyForDeploymentPostprocessing = 0;
		};
		92EE86732AD6A66E00F7E013 /* Sources */ = {
			isa = PBXSourcesBuildPhase;
			buildActionMask = 2147483647;
			files = (
				92EE867C2AD6A66E00F7E013 /* AssignmentTests.swift in Sources */,
			);
			runOnlyForDeploymentPostprocessing = 0;
		};
		92EE867D2AD6A66E00F7E013 /* Sources */ = {
			isa = PBXSourcesBuildPhase;
			buildActionMask = 2147483647;
			files = (
				92EE86862AD6A66E00F7E013 /* AssignmentUITests.swift in Sources */,
				92EE86882AD6A66E00F7E013 /* AssignmentUITestsLaunchTests.swift in Sources */,
			);
			runOnlyForDeploymentPostprocessing = 0;
		};
/* End PBXSourcesBuildPhase section */

/* Begin PBXTargetDependency section */
		92EE86792AD6A66E00F7E013 /* PBXTargetDependency */ = {
			isa = PBXTargetDependency;
			target = 92EE86602AD6A66D00F7E013 /* Assignment */;
			targetProxy = 92EE86782AD6A66E00F7E013 /* PBXContainerItemProxy */;
		};
		92EE86832AD6A66E00F7E013 /* PBXTargetDependency */ = {
			isa = PBXTargetDependency;
			target = 92EE86602AD6A66D00F7E013 /* Assignment */;
			targetProxy = 92EE86822AD6A66E00F7E013 /* PBXContainerItemProxy */;
		};
/* End PBXTargetDependency section */

/* Begin PBXVariantGroup section */
		92EE866A2AD6A66D00F7E013 /* Main.storyboard */ = {
			isa = PBXVariantGroup;
			children = (
				92EE866B2AD6A66D00F7E013 /* Base */,
			);
			name = Main.storyboard;
			sourceTree = "<group>";
		};
		92EE866F2AD6A66E00F7E013 /* LaunchScreen.storyboard */ = {
			isa = PBXVariantGroup;
			children = (
				92EE86702AD6A66E00F7E013 /* Base */,
			);
			name = LaunchScreen.storyboard;
			sourceTree = "<group>";
		};
/* End PBXVariantGroup section */

/* Begin XCBuildConfiguration section */
		92EE86892AD6A66E00F7E013 /* Debug */ = {
			isa = XCBuildConfiguration;
			buildSettings = {
				ALWAYS_SEARCH_USER_PATHS = NO;
				ASSETCATALOG_COMPILER_GENERATE_SWIFT_ASSET_SYMBOL_EXTENSIONS = YES;
				CLANG_ANALYZER_NONNULL = YES;
				CLANG_ANALYZER_NUMBER_OBJECT_CONVERSION = YES_AGGRESSIVE;
				CLANG_CXX_LANGUAGE_STANDARD = "gnu++20";
				CLANG_ENABLE_MODULES = YES;
				CLANG_ENABLE_OBJC_ARC = YES;
				CLANG_ENABLE_OBJC_WEAK = YES;
				CLANG_WARN_BLOCK_CAPTURE_AUTORELEASING = YES;
				CLANG_WARN_BOOL_CONVERSION = YES;
				CLANG_WARN_COMMA = YES;
				CLANG_WARN_CONSTANT_CONVERSION = YES;
				CLANG_WARN_DEPRECATED_OBJC_IMPLEMENTATIONS = YES;
				CLANG_WARN_DIRECT_OBJC_ISA_USAGE = YES_ERROR;
				CLANG_WARN_DOCUMENTATION_COMMENTS = YES;
				CLANG_WARN_EMPTY_BODY = YES;
				CLANG_WARN_ENUM_CONVERSION = YES;
				CLANG_WARN_INFINITE_RECURSION = YES;
				CLANG_WARN_INT_CONVERSION = YES;
				CLANG_WARN_NON_LITERAL_NULL_CONVERSION = YES;
				CLANG_WARN_OBJC_IMPLICIT_RETAIN_SELF = YES;
				CLANG_WARN_OBJC_LITERAL_CONVERSION = YES;
				CLANG_WARN_OBJC_ROOT_CLASS = YES_ERROR;
				CLANG_WARN_QUOTED_INCLUDE_IN_FRAMEWORK_HEADER = YES;
				CLANG_WARN_RANGE_LOOP_ANALYSIS = YES;
				CLANG_WARN_STRICT_PROTOTYPES = YES;
				CLANG_WARN_SUSPICIOUS_MOVE = YES;
				CLANG_WARN_UNGUARDED_AVAILABILITY = YES_AGGRESSIVE;
				CLANG_WARN_UNREACHABLE_CODE = YES;
				CLANG_WARN__DUPLICATE_METHOD_MATCH = YES;
				COPY_PHASE_STRIP = NO;
				DEBUG_INFORMATION_FORMAT = dwarf;
				ENABLE_STRICT_OBJC_MSGSEND = YES;
				ENABLE_TESTABILITY = YES;
				ENABLE_USER_SCRIPT_SANDBOXING = YES;
				GCC_C_LANGUAGE_STANDARD = gnu17;
				GCC_DYNAMIC_NO_PIC = NO;
				GCC_NO_COMMON_BLOCKS = YES;
				GCC_OPTIMIZATION_LEVEL = 0;
				GCC_PREPROCESSOR_DEFINITIONS = (
					"DEBUG=1",
					"$(inherited)",
				);
				GCC_WARN_64_TO_32_BIT_CONVERSION = YES;
				GCC_WARN_ABOUT_RETURN_TYPE = YES_ERROR;
				GCC_WARN_UNDECLARED_SELECTOR = YES;
				GCC_WARN_UNINITIALIZED_AUTOS = YES_AGGRESSIVE;
				GCC_WARN_UNUSED_FUNCTION = YES;
				GCC_WARN_UNUSED_VARIABLE = YES;
				IPHONEOS_DEPLOYMENT_TARGET = 17.0;
				LOCALIZATION_PREFERS_STRING_CATALOGS = YES;
				MTL_ENABLE_DEBUG_INFO = INCLUDE_SOURCE;
				MTL_FAST_MATH = YES;
				ONLY_ACTIVE_ARCH = YES;
				SDKROOT = iphoneos;
				SWIFT_ACTIVE_COMPILATION_CONDITIONS = "DEBUG $(inherited)";
				SWIFT_OPTIMIZATION_LEVEL = "-Onone";
			};
			name = Debug;
		};
		92EE868A2AD6A66E00F7E013 /* Release */ = {
			isa = XCBuildConfiguration;
			buildSettings = {
				ALWAYS_SEARCH_USER_PATHS = NO;
				ASSETCATALOG_COMPILER_GENERATE_SWIFT_ASSET_SYMBOL_EXTENSIONS = YES;
				CLANG_ANALYZER_NONNULL = YES;
				CLANG_ANALYZER_NUMBER_OBJECT_CONVERSION = YES_AGGRESSIVE;
				CLANG_CXX_LANGUAGE_STANDARD = "gnu++20";
				CLANG_ENABLE_MODULES = YES;
				CLANG_ENABLE_OBJC_ARC = YES;
				CLANG_ENABLE_OBJC_WEAK = YES;
				CLANG_WARN_BLOCK_CAPTURE_AUTORELEASING = YES;
				CLANG_WARN_BOOL_CONVERSION = YES;
				CLANG_WARN_COMMA = YES;
				CLANG_WARN_CONSTANT_CONVERSION = YES;
				CLANG_WARN_DEPRECATED_OBJC_IMPLEMENTATIONS = YES;
				CLANG_WARN_DIRECT_OBJC_ISA_USAGE = YES_ERROR;
				CLANG_WARN_DOCUMENTATION_COMMENTS = YES;
				CLANG_WARN_EMPTY_BODY = YES;
				CLANG_WARN_ENUM_CONVERSION = YES;
				CLANG_WARN_INFINITE_RECURSION = YES;
				CLANG_WARN_INT_CONVERSION = YES;
				CLANG_WARN_NON_LITERAL_NULL_CONVERSION = YES;
				CLANG_WARN_OBJC_IMPLICIT_RETAIN_SELF = YES;
				CLANG_WARN_OBJC_LITERAL_CONVERSION = YES;
				CLANG_WARN_OBJC_ROOT_CLASS = YES_ERROR;
				CLANG_WARN_QUOTED_INCLUDE_IN_FRAMEWORK_HEADER = YES;
				CLANG_WARN_RANGE_LOOP_ANALYSIS = YES;
				CLANG_WARN_STRICT_PROTOTYPES = YES;
				CLANG_WARN_SUSPICIOUS_MOVE = YES;
				CLANG_WARN_UNGUARDED_AVAILABILITY = YES_AGGRESSIVE;
				CLANG_WARN_UNREACHABLE_CODE = YES;
				CLANG_WARN__DUPLICATE_METHOD_MATCH = YES;
				COPY_PHASE_STRIP = NO;
				DEBUG_INFORMATION_FORMAT = "dwarf-with-dsym";
				ENABLE_NS_ASSERTIONS = NO;
				ENABLE_STRICT_OBJC_MSGSEND = YES;
				ENABLE_USER_SCRIPT_SANDBOXING = YES;
				GCC_C_LANGUAGE_STANDARD = gnu17;
				GCC_NO_COMMON_BLOCKS = YES;
				GCC_WARN_64_TO_32_BIT_CONVERSION = YES;
				GCC_WARN_ABOUT_RETURN_TYPE = YES_ERROR;
				GCC_WARN_UNDECLARED_SELECTOR = YES;
				GCC_WARN_UNINITIALIZED_AUTOS = YES_AGGRESSIVE;
				GCC_WARN_UNUSED_FUNCTION = YES;
				GCC_WARN_UNUSED_VARIABLE = YES;
				IPHONEOS_DEPLOYMENT_TARGET = 17.0;
				LOCALIZATION_PREFERS_STRING_CATALOGS = YES;
				MTL_ENABLE_DEBUG_INFO = NO;
				MTL_FAST_MATH = YES;
				SDKROOT = iphoneos;
				SWIFT_COMPILATION_MODE = wholemodule;
				VALIDATE_PRODUCT = YES;
			};
			name = Release;
		};
		92EE868C2AD6A66E00F7E013 /* Debug */ = {
			isa = XCBuildConfiguration;
			buildSettings = {
				ASSETCATALOG_COMPILER_APPICON_NAME = AppIcon;
				ASSETCATALOG_COMPILER_GLOBAL_ACCENT_COLOR_NAME = AccentColor;
				CODE_SIGN_STYLE = Automatic;
				CURRENT_PROJECT_VERSION = 1;
				GENERATE_INFOPLIST_FILE = YES;
				INFOPLIST_FILE = Assignment/Info.plist;
				INFOPLIST_KEY_UIApplicationSupportsIndirectInputEvents = YES;
				INFOPLIST_KEY_UILaunchStoryboardName = LaunchScreen;
				INFOPLIST_KEY_UIMainStoryboardFile = Main;
				INFOPLIST_KEY_UISupportedInterfaceOrientations_iPad = "UIInterfaceOrientationPortrait UIInterfaceOrientationPortraitUpsideDown UIInterfaceOrientationLandscapeLeft UIInterfaceOrientationLandscapeRight";
				INFOPLIST_KEY_UISupportedInterfaceOrientations_iPhone = "UIInterfaceOrientationPortrait UIInterfaceOrientationLandscapeLeft UIInterfaceOrientationLandscapeRight";
				LD_RUNPATH_SEARCH_PATHS = (
					"$(inherited)",
					"@executable_path/Frameworks",
				);
				MARKETING_VERSION = 1.0;
				PRODUCT_BUNDLE_IDENTIFIER = com.iosdevschool.Assignment;
				PRODUCT_NAME = "$(TARGET_NAME)";
				SWIFT_EMIT_LOC_STRINGS = YES;
				SWIFT_VERSION = 5.0;
				TARGETED_DEVICE_FAMILY = "1,2";
			};
			name = Debug;
		};
		92EE868D2AD6A66E00F7E013 /* Release */ = {
			isa = XCBuildConfiguration;
			buildSettings = {
				ASSETCATALOG_COMPILER_APPICON_NAME = AppIcon;
				ASSETCATALOG_COMPILER_GLOBAL_ACCENT_COLOR_NAME = AccentColor;
				CODE_SIGN_STYLE = Automatic;
				CURRENT_PROJECT_VERSION = 1;
				GENERATE_INFOPLIST_FILE = YES;
				INFOPLIST_FILE = Assignment/Info.plist;
				INFOPLIST_KEY_UIApplicationSupportsIndirectInputEvents = YES;
				INFOPLIST_KEY_UILaunchStoryboardName = LaunchScreen;
				INFOPLIST_KEY_UIMainStoryboardFile = Main;
				INFOPLIST_KEY_UISupportedInterfaceOrientations_iPad = "UIInterfaceOrientationPortrait UIInterfaceOrientationPortraitUpsideDown UIInterfaceOrientationLandscapeLeft UIInterfaceOrientationLandscapeRight";
				INFOPLIST_KEY_UISupportedInterfaceOrientations_iPhone = "UIInterfaceOrientationPortrait UIInterfaceOrientationLandscapeLeft UIInterfaceOrientationLandscapeRight";
				LD_RUNPATH_SEARCH_PATHS = (
					"$(inherited)",
					"@executable_path/Frameworks",
				);
				MARKETING_VERSION = 1.0;
				PRODUCT_BUNDLE_IDENTIFIER = com.iosdevschool.Assignment;
				PRODUCT_NAME = "$(TARGET_NAME)";
				SWIFT_EMIT_LOC_STRINGS = YES;
				SWIFT_VERSION = 5.0;
				TARGETED_DEVICE_FAMILY = "1,2";
			};
			name = Release;
		};
		92EE868F2AD6A66E00F7E013 /* Debug */ = {
			isa = XCBuildConfiguration;
			buildSettings = {
				ALWAYS_EMBED_SWIFT_STANDARD_LIBRARIES = YES;
				BUNDLE_LOADER = "$(TEST_HOST)";
				CODE_SIGN_STYLE = Automatic;
				CURRENT_PROJECT_VERSION = 1;
				GENERATE_INFOPLIST_FILE = YES;
				IPHONEOS_DEPLOYMENT_TARGET = 17.0;
				MARKETING_VERSION = 1.0;
				PRODUCT_BUNDLE_IDENTIFIER = com.iosdevschool.AssignmentTests;
				PRODUCT_NAME = "$(TARGET_NAME)";
				SWIFT_EMIT_LOC_STRINGS = NO;
				SWIFT_VERSION = 5.0;
				TARGETED_DEVICE_FAMILY = "1,2";
				TEST_HOST = "$(BUILT_PRODUCTS_DIR)/Assignment.app/$(BUNDLE_EXECUTABLE_FOLDER_PATH)/Assignment";
			};
			name = Debug;
		};
		92EE86902AD6A66E00F7E013 /* Release */ = {
			isa = XCBuildConfiguration;
			buildSettings = {
				ALWAYS_EMBED_SWIFT_STANDARD_LIBRARIES = YES;
				BUNDLE_LOADER = "$(TEST_HOST)";
				CODE_SIGN_STYLE = Automatic;
				CURRENT_PROJECT_VERSION = 1;
				GENERATE_INFOPLIST_FILE = YES;
				IPHONEOS_DEPLOYMENT_TARGET = 17.0;
				MARKETING_VERSION = 1.0;
				PRODUCT_BUNDLE_IDENTIFIER = com.iosdevschool.AssignmentTests;
				PRODUCT_NAME = "$(TARGET_NAME)";
				SWIFT_EMIT_LOC_STRINGS = NO;
				SWIFT_VERSION = 5.0;
				TARGETED_DEVICE_FAMILY = "1,2";
				TEST_HOST = "$(BUILT_PRODUCTS_DIR)/Assignment.app/$(BUNDLE_EXECUTABLE_FOLDER_PATH)/Assignment";
			};
			name = Release;
		};
		92EE86922AD6A66E00F7E013 /* Debug */ = {
			isa = XCBuildConfiguration;
			buildSettings = {
				ALWAYS_EMBED_SWIFT_STANDARD_LIBRARIES = YES;
				CODE_SIGN_STYLE = Automatic;
				CURRENT_PROJECT_VERSION = 1;
				GENERATE_INFOPLIST_FILE = YES;
				MARKETING_VERSION = 1.0;
				PRODUCT_BUNDLE_IDENTIFIER = com.iosdevschool.AssignmentUITests;
				PRODUCT_NAME = "$(TARGET_NAME)";
				SWIFT_EMIT_LOC_STRINGS = NO;
				SWIFT_VERSION = 5.0;
				TARGETED_DEVICE_FAMILY = "1,2";
				TEST_TARGET_NAME = Assignment;
			};
			name = Debug;
		};
		92EE86932AD6A66E00F7E013 /* Release */ = {
			isa = XCBuildConfiguration;
			buildSettings = {
				ALWAYS_EMBED_SWIFT_STANDARD_LIBRARIES = YES;
				CODE_SIGN_STYLE = Automatic;
				CURRENT_PROJECT_VERSION = 1;
				GENERATE_INFOPLIST_FILE = YES;
				MARKETING_VERSION = 1.0;
				PRODUCT_BUNDLE_IDENTIFIER = com.iosdevschool.AssignmentUITests;
				PRODUCT_NAME = "$(TARGET_NAME)";
				SWIFT_EMIT_LOC_STRINGS = NO;
				SWIFT_VERSION = 5.0;
				TARGETED_DEVICE_FAMILY = "1,2";
				TEST_TARGET_NAME = Assignment;
			};
			name = Release;
		};
/* End XCBuildConfiguration section */

/* Begin XCConfigurationList section */
		92EE865C2AD6A66D00F7E013 /* Build configuration list for PBXProject "Assignment" */ = {
			isa = XCConfigurationList;
			buildConfigurations = (
				92EE86892AD6A66E00F7E013 /* Debug */,
				92EE868A2AD6A66E00F7E013 /* Release */,
			);
			defaultConfigurationIsVisible = 0;
			defaultConfigurationName = Release;
		};
		92EE868B2AD6A66E00F7E013 /* Build configuration list for PBXNativeTarget "Assignment" */ = {
			isa = XCConfigurationList;
			buildConfigurations = (
				92EE868C2AD6A66E00F7E013 /* Debug */,
				92EE868D2AD6A66E00F7E013 /* Release */,
			);
			defaultConfigurationIsVisible = 0;
			defaultConfigurationName = Release;
		};
		92EE868E2AD6A66E00F7E013 /* Build configuration list for PBXNativeTarget "AssignmentTests" */ = {
			isa = XCConfigurationList;
			buildConfigurations = (
				92EE868F2AD6A66E00F7E013 /* Debug */,
				92EE86902AD6A66E00F7E013 /* Release */,
			);
			defaultConfigurationIsVisible = 0;
			defaultConfigurationName = Release;
		};
		92EE86912AD6A66E00F7E013 /* Build configuration list for PBXNativeTarget "AssignmentUITests" */ = {
			isa = XCConfigurationList;
			buildConfigurations = (
				92EE86922AD6A66E00F7E013 /* Debug */,
				92EE86932AD6A66E00F7E013 /* Release */,
			);
			defaultConfigurationIsVisible = 0;
			defaultConfigurationName = Release;
		};
/* End XCConfigurationList section */
	};
	rootObject = 92EE86592AD6A66D00F7E013 /* Project object */;
}
